// !$*UTF8*$!
{
	archiveVersion = 1;
	classes = {
	};
	objectVersion = 46;
	objects = {

/* Begin PBXBuildFile section */
		873D32731E9C56A2002C8FA3 /* GoogleService-Info.plist in Resources */ = {isa = PBXBuildFile; fileRef = 873D32721E9C56A2002C8FA3 /* GoogleService-Info.plist */; };
		87A0C4041EA0016F006A2237 /* GameHandler.swift in Sources */ = {isa = PBXBuildFile; fileRef = 87A0C4031EA0016F006A2237 /* GameHandler.swift */; };
		87AF42AE1E9C50BB00BF5498 /* Army.swift in Sources */ = {isa = PBXBuildFile; fileRef = 87AF42991E9C50BB00BF5498 /* Army.swift */; };
		87AF42AF1E9C50BB00BF5498 /* Assets.xcassets in Resources */ = {isa = PBXBuildFile; fileRef = 87AF429A1E9C50BB00BF5498 /* Assets.xcassets */; };
		87AF42B11E9C50BB00BF5498 /* Bullet.swift in Sources */ = {isa = PBXBuildFile; fileRef = 87AF429C1E9C50BB00BF5498 /* Bullet.swift */; };
		87AF42B21E9C50BB00BF5498 /* Enemy.swift in Sources */ = {isa = PBXBuildFile; fileRef = 87AF429D1E9C50BB00BF5498 /* Enemy.swift */; };
		87AF42B31E9C50BB00BF5498 /* Game.swift in Sources */ = {isa = PBXBuildFile; fileRef = 87AF429E1E9C50BB00BF5498 /* Game.swift */; };
		87AF42B41E9C50BB00BF5498 /* GameStage.swift in Sources */ = {isa = PBXBuildFile; fileRef = 87AF429F1E9C50BB00BF5498 /* GameStage.swift */; };
		87AF42B51E9C50BB00BF5498 /* Glimpse.m in Sources */ = {isa = PBXBuildFile; fileRef = 87AF42A11E9C50BB00BF5498 /* Glimpse.m */; };
		87AF42B61E9C50BB00BF5498 /* GlimpseAssetWriter.m in Sources */ = {isa = PBXBuildFile; fileRef = 87AF42A31E9C50BB00BF5498 /* GlimpseAssetWriter.m */; };
		87AF42B71E9C50BB00BF5498 /* MainButton.swift in Sources */ = {isa = PBXBuildFile; fileRef = 87AF42A41E9C50BB00BF5498 /* MainButton.swift */; };
		87AF42B81E9C50BB00BF5498 /* StatusLabel.swift in Sources */ = {isa = PBXBuildFile; fileRef = 87AF42A71E9C50BB00BF5498 /* StatusLabel.swift */; };
		87AF42B91E9C50BB00BF5498 /* Tower.swift in Sources */ = {isa = PBXBuildFile; fileRef = 87AF42A81E9C50BB00BF5498 /* Tower.swift */; };
		87AF42BA1E9C50BB00BF5498 /* UIViewExtension.swift in Sources */ = {isa = PBXBuildFile; fileRef = 87AF42A91E9C50BB00BF5498 /* UIViewExtension.swift */; };
		87AF42BB1E9C50BB00BF5498 /* VC.swift in Sources */ = {isa = PBXBuildFile; fileRef = 87AF42AA1E9C50BB00BF5498 /* VC.swift */; };
		87AF42BC1E9C50BB00BF5498 /* VCAttackView.swift in Sources */ = {isa = PBXBuildFile; fileRef = 87AF42AB1E9C50BB00BF5498 /* VCAttackView.swift */; };
		87AF42BD1E9C50BB00BF5498 /* VCGameView.swift in Sources */ = {isa = PBXBuildFile; fileRef = 87AF42AC1E9C50BB00BF5498 /* VCGameView.swift */; };
		87AF42BE1E9C50BB00BF5498 /* VCMessageHandling.swift in Sources */ = {isa = PBXBuildFile; fileRef = 87AF42AD1E9C50BB00BF5498 /* VCMessageHandling.swift */; };
		87AF42C61E9C51EB00BF5498 /* MainInterface.storyboard in Resources */ = {isa = PBXBuildFile; fileRef = 87AF42C51E9C51EB00BF5498 /* MainInterface.storyboard */; };
		87FFB6791E9C4FFD0099A13A /* AppDelegate.swift in Sources */ = {isa = PBXBuildFile; fileRef = 87FFB6781E9C4FFD0099A13A /* AppDelegate.swift */; };
		87FFB67B1E9C4FFD0099A13A /* ViewController.swift in Sources */ = {isa = PBXBuildFile; fileRef = 87FFB67A1E9C4FFD0099A13A /* ViewController.swift */; };
		87FFB67E1E9C4FFD0099A13A /* Main.storyboard in Resources */ = {isa = PBXBuildFile; fileRef = 87FFB67C1E9C4FFD0099A13A /* Main.storyboard */; };
		87FFB6801E9C4FFD0099A13A /* Assets.xcassets in Resources */ = {isa = PBXBuildFile; fileRef = 87FFB67F1E9C4FFD0099A13A /* Assets.xcassets */; };
		87FFB6831E9C4FFD0099A13A /* LaunchScreen.storyboard in Resources */ = {isa = PBXBuildFile; fileRef = 87FFB6811E9C4FFD0099A13A /* LaunchScreen.storyboard */; };
		87FFB68E1E9C4FFD0099A13A /* Tower_DefriendzTests.swift in Sources */ = {isa = PBXBuildFile; fileRef = 87FFB68D1E9C4FFD0099A13A /* Tower_DefriendzTests.swift */; };
		87FFB6991E9C4FFD0099A13A /* Tower_DefriendzUITests.swift in Sources */ = {isa = PBXBuildFile; fileRef = 87FFB6981E9C4FFD0099A13A /* Tower_DefriendzUITests.swift */; };
		87FFB6AD1E9C50250099A13A /* Messages.framework in Frameworks */ = {isa = PBXBuildFile; fileRef = 87FFB6AC1E9C50250099A13A /* Messages.framework */; };
		87FFB6B91E9C50250099A13A /* Tower Defriendz Extension.appex in Embed App Extensions */ = {isa = PBXBuildFile; fileRef = 87FFB6AA1E9C50250099A13A /* Tower Defriendz Extension.appex */; settings = {ATTRIBUTES = (RemoveHeadersOnCopy, ); }; };
		C684A1894592D53E2F70535D /* Pods_Tower_Defriendz_Extension.framework in Frameworks */ = {isa = PBXBuildFile; fileRef = C9CF06950A0FF99DE2FEEB00 /* Pods_Tower_Defriendz_Extension.framework */; };
		D9C0DC6E5B2070213AA3C1A9 /* Pods_Tower_Defriendz.framework in Frameworks */ = {isa = PBXBuildFile; fileRef = A3E04D52044CC286C1AEA856 /* Pods_Tower_Defriendz.framework */; };
/* End PBXBuildFile section */

/* Begin PBXContainerItemProxy section */
		87FFB68A1E9C4FFD0099A13A /* PBXContainerItemProxy */ = {
			isa = PBXContainerItemProxy;
			containerPortal = 87FFB66D1E9C4FFD0099A13A /* Project object */;
			proxyType = 1;
			remoteGlobalIDString = 87FFB6741E9C4FFD0099A13A;
			remoteInfo = "Tower Defriendz";
		};
		87FFB6951E9C4FFD0099A13A /* PBXContainerItemProxy */ = {
			isa = PBXContainerItemProxy;
			containerPortal = 87FFB66D1E9C4FFD0099A13A /* Project object */;
			proxyType = 1;
			remoteGlobalIDString = 87FFB6741E9C4FFD0099A13A;
			remoteInfo = "Tower Defriendz";
		};
		87FFB6B71E9C50250099A13A /* PBXContainerItemProxy */ = {
			isa = PBXContainerItemProxy;
			containerPortal = 87FFB66D1E9C4FFD0099A13A /* Project object */;
			proxyType = 1;
			remoteGlobalIDString = 87FFB6A91E9C50250099A13A;
			remoteInfo = "Tower Defriendz Extension";
		};
/* End PBXContainerItemProxy section */

/* Begin PBXCopyFilesBuildPhase section */
		87FFB6BD1E9C50250099A13A /* Embed App Extensions */ = {
			isa = PBXCopyFilesBuildPhase;
			buildActionMask = 2147483647;
			dstPath = "";
			dstSubfolderSpec = 13;
			files = (
				87FFB6B91E9C50250099A13A /* Tower Defriendz Extension.appex in Embed App Extensions */,
			);
			name = "Embed App Extensions";
			runOnlyForDeploymentPostprocessing = 0;
		};
/* End PBXCopyFilesBuildPhase section */

/* Begin PBXFileReference section */
		1AA151642BAA4D3A3A1AA27B /* Pods-Tower Defriendz Extension.debug.xcconfig */ = {isa = PBXFileReference; includeInIndex = 1; lastKnownFileType = text.xcconfig; name = "Pods-Tower Defriendz Extension.debug.xcconfig"; path = "Pods/Target Support Files/Pods-Tower Defriendz Extension/Pods-Tower Defriendz Extension.debug.xcconfig"; sourceTree = "<group>"; };
		1CB92B8BF4FDE8D3BC9C5C48 /* Pods-Tower Defriendz Extension.release.xcconfig */ = {isa = PBXFileReference; includeInIndex = 1; lastKnownFileType = text.xcconfig; name = "Pods-Tower Defriendz Extension.release.xcconfig"; path = "Pods/Target Support Files/Pods-Tower Defriendz Extension/Pods-Tower Defriendz Extension.release.xcconfig"; sourceTree = "<group>"; };
		87331CE51E9C530F001EE2A3 /* Tower Defriendz.entitlements */ = {isa = PBXFileReference; lastKnownFileType = text.plist.entitlements; path = "Tower Defriendz.entitlements"; sourceTree = "<group>"; };
		87331CE61E9C5321001EE2A3 /* Tower Defriendz Extension.entitlements */ = {isa = PBXFileReference; lastKnownFileType = text.plist.entitlements; path = "Tower Defriendz Extension.entitlements"; sourceTree = "<group>"; };
		873D32721E9C56A2002C8FA3 /* GoogleService-Info.plist */ = {isa = PBXFileReference; fileEncoding = 4; lastKnownFileType = text.plist.xml; path = "GoogleService-Info.plist"; sourceTree = "<group>"; };
		87A0C4031EA0016F006A2237 /* GameHandler.swift */ = {isa = PBXFileReference; fileEncoding = 4; lastKnownFileType = sourcecode.swift; path = GameHandler.swift; sourceTree = "<group>"; };
		87AF42981E9C50BA00BF5498 /* Tower Defriendz Extension-Bridging-Header.h */ = {isa = PBXFileReference; lastKnownFileType = sourcecode.c.h; path = "Tower Defriendz Extension-Bridging-Header.h"; sourceTree = "<group>"; };
		87AF42991E9C50BB00BF5498 /* Army.swift */ = {isa = PBXFileReference; fileEncoding = 4; lastKnownFileType = sourcecode.swift; path = Army.swift; sourceTree = "<group>"; };
		87AF429A1E9C50BB00BF5498 /* Assets.xcassets */ = {isa = PBXFileReference; lastKnownFileType = folder.assetcatalog; path = Assets.xcassets; sourceTree = "<group>"; };
		87AF429C1E9C50BB00BF5498 /* Bullet.swift */ = {isa = PBXFileReference; fileEncoding = 4; lastKnownFileType = sourcecode.swift; path = Bullet.swift; sourceTree = "<group>"; };
		87AF429D1E9C50BB00BF5498 /* Enemy.swift */ = {isa = PBXFileReference; fileEncoding = 4; lastKnownFileType = sourcecode.swift; path = Enemy.swift; sourceTree = "<group>"; };
		87AF429E1E9C50BB00BF5498 /* Game.swift */ = {isa = PBXFileReference; fileEncoding = 4; lastKnownFileType = sourcecode.swift; path = Game.swift; sourceTree = "<group>"; };
		87AF429F1E9C50BB00BF5498 /* GameStage.swift */ = {isa = PBXFileReference; fileEncoding = 4; lastKnownFileType = sourcecode.swift; path = GameStage.swift; sourceTree = "<group>"; };
		87AF42A01E9C50BB00BF5498 /* Glimpse.h */ = {isa = PBXFileReference; fileEncoding = 4; lastKnownFileType = sourcecode.c.h; path = Glimpse.h; sourceTree = "<group>"; };
		87AF42A11E9C50BB00BF5498 /* Glimpse.m */ = {isa = PBXFileReference; fileEncoding = 4; lastKnownFileType = sourcecode.c.objc; path = Glimpse.m; sourceTree = "<group>"; };
		87AF42A21E9C50BB00BF5498 /* GlimpseAssetWriter.h */ = {isa = PBXFileReference; fileEncoding = 4; lastKnownFileType = sourcecode.c.h; path = GlimpseAssetWriter.h; sourceTree = "<group>"; };
		87AF42A31E9C50BB00BF5498 /* GlimpseAssetWriter.m */ = {isa = PBXFileReference; fileEncoding = 4; lastKnownFileType = sourcecode.c.objc; path = GlimpseAssetWriter.m; sourceTree = "<group>"; };
		87AF42A41E9C50BB00BF5498 /* MainButton.swift */ = {isa = PBXFileReference; fileEncoding = 4; lastKnownFileType = sourcecode.swift; path = MainButton.swift; sourceTree = "<group>"; };
		87AF42A61E9C50BB00BF5498 /* MessagesExtension.entitlements */ = {isa = PBXFileReference; fileEncoding = 4; lastKnownFileType = text.plist.entitlements; path = MessagesExtension.entitlements; sourceTree = "<group>"; };
		87AF42A71E9C50BB00BF5498 /* StatusLabel.swift */ = {isa = PBXFileReference; fileEncoding = 4; lastKnownFileType = sourcecode.swift; path = StatusLabel.swift; sourceTree = "<group>"; };
		87AF42A81E9C50BB00BF5498 /* Tower.swift */ = {isa = PBXFileReference; fileEncoding = 4; lastKnownFileType = sourcecode.swift; path = Tower.swift; sourceTree = "<group>"; };
		87AF42A91E9C50BB00BF5498 /* UIViewExtension.swift */ = {isa = PBXFileReference; fileEncoding = 4; lastKnownFileType = sourcecode.swift; path = UIViewExtension.swift; sourceTree = "<group>"; };
		87AF42AA1E9C50BB00BF5498 /* VC.swift */ = {isa = PBXFileReference; fileEncoding = 4; lastKnownFileType = sourcecode.swift; path = VC.swift; sourceTree = "<group>"; };
		87AF42AB1E9C50BB00BF5498 /* VCAttackView.swift */ = {isa = PBXFileReference; fileEncoding = 4; lastKnownFileType = sourcecode.swift; path = VCAttackView.swift; sourceTree = "<group>"; };
		87AF42AC1E9C50BB00BF5498 /* VCGameView.swift */ = {isa = PBXFileReference; fileEncoding = 4; lastKnownFileType = sourcecode.swift; path = VCGameView.swift; sourceTree = "<group>"; };
		87AF42AD1E9C50BB00BF5498 /* VCMessageHandling.swift */ = {isa = PBXFileReference; fileEncoding = 4; lastKnownFileType = sourcecode.swift; path = VCMessageHandling.swift; sourceTree = "<group>"; };
		87AF42C51E9C51EB00BF5498 /* MainInterface.storyboard */ = {isa = PBXFileReference; fileEncoding = 4; lastKnownFileType = file.storyboard; path = MainInterface.storyboard; sourceTree = "<group>"; };
		87FFB6751E9C4FFD0099A13A /* Tower Defriendz.app */ = {isa = PBXFileReference; explicitFileType = wrapper.application; includeInIndex = 0; path = "Tower Defriendz.app"; sourceTree = BUILT_PRODUCTS_DIR; };
		87FFB6781E9C4FFD0099A13A /* AppDelegate.swift */ = {isa = PBXFileReference; lastKnownFileType = sourcecode.swift; path = AppDelegate.swift; sourceTree = "<group>"; };
		87FFB67A1E9C4FFD0099A13A /* ViewController.swift */ = {isa = PBXFileReference; lastKnownFileType = sourcecode.swift; path = ViewController.swift; sourceTree = "<group>"; };
		87FFB67D1E9C4FFD0099A13A /* Base */ = {isa = PBXFileReference; lastKnownFileType = file.storyboard; name = Base; path = Base.lproj/Main.storyboard; sourceTree = "<group>"; };
		87FFB67F1E9C4FFD0099A13A /* Assets.xcassets */ = {isa = PBXFileReference; lastKnownFileType = folder.assetcatalog; path = Assets.xcassets; sourceTree = "<group>"; };
		87FFB6821E9C4FFD0099A13A /* Base */ = {isa = PBXFileReference; lastKnownFileType = file.storyboard; name = Base; path = Base.lproj/LaunchScreen.storyboard; sourceTree = "<group>"; };
		87FFB6841E9C4FFD0099A13A /* Info.plist */ = {isa = PBXFileReference; lastKnownFileType = text.plist.xml; path = Info.plist; sourceTree = "<group>"; };
		87FFB6891E9C4FFD0099A13A /* Tower DefriendzTests.xctest */ = {isa = PBXFileReference; explicitFileType = wrapper.cfbundle; includeInIndex = 0; path = "Tower DefriendzTests.xctest"; sourceTree = BUILT_PRODUCTS_DIR; };
		87FFB68D1E9C4FFD0099A13A /* Tower_DefriendzTests.swift */ = {isa = PBXFileReference; lastKnownFileType = sourcecode.swift; path = Tower_DefriendzTests.swift; sourceTree = "<group>"; };
		87FFB68F1E9C4FFD0099A13A /* Info.plist */ = {isa = PBXFileReference; lastKnownFileType = text.plist.xml; path = Info.plist; sourceTree = "<group>"; };
		87FFB6941E9C4FFD0099A13A /* Tower DefriendzUITests.xctest */ = {isa = PBXFileReference; explicitFileType = wrapper.cfbundle; includeInIndex = 0; path = "Tower DefriendzUITests.xctest"; sourceTree = BUILT_PRODUCTS_DIR; };
		87FFB6981E9C4FFD0099A13A /* Tower_DefriendzUITests.swift */ = {isa = PBXFileReference; lastKnownFileType = sourcecode.swift; path = Tower_DefriendzUITests.swift; sourceTree = "<group>"; };
		87FFB69A1E9C4FFD0099A13A /* Info.plist */ = {isa = PBXFileReference; lastKnownFileType = text.plist.xml; path = Info.plist; sourceTree = "<group>"; };
		87FFB6AA1E9C50250099A13A /* Tower Defriendz Extension.appex */ = {isa = PBXFileReference; explicitFileType = "wrapper.app-extension"; includeInIndex = 0; path = "Tower Defriendz Extension.appex"; sourceTree = BUILT_PRODUCTS_DIR; };
		87FFB6AC1E9C50250099A13A /* Messages.framework */ = {isa = PBXFileReference; lastKnownFileType = wrapper.framework; name = Messages.framework; path = System/Library/Frameworks/Messages.framework; sourceTree = SDKROOT; };
		87FFB6B61E9C50250099A13A /* Info.plist */ = {isa = PBXFileReference; lastKnownFileType = text.plist.xml; path = Info.plist; sourceTree = "<group>"; };
		8D15AA990F7D5A1A210431EC /* Pods-Tower Defriendz.release.xcconfig */ = {isa = PBXFileReference; includeInIndex = 1; lastKnownFileType = text.xcconfig; name = "Pods-Tower Defriendz.release.xcconfig"; path = "Pods/Target Support Files/Pods-Tower Defriendz/Pods-Tower Defriendz.release.xcconfig"; sourceTree = "<group>"; };
		A3E04D52044CC286C1AEA856 /* Pods_Tower_Defriendz.framework */ = {isa = PBXFileReference; explicitFileType = wrapper.framework; includeInIndex = 0; path = Pods_Tower_Defriendz.framework; sourceTree = BUILT_PRODUCTS_DIR; };
		C9CF06950A0FF99DE2FEEB00 /* Pods_Tower_Defriendz_Extension.framework */ = {isa = PBXFileReference; explicitFileType = wrapper.framework; includeInIndex = 0; path = Pods_Tower_Defriendz_Extension.framework; sourceTree = BUILT_PRODUCTS_DIR; };
		F649B03C1C55A2B143F6034F /* Pods-Tower Defriendz.debug.xcconfig */ = {isa = PBXFileReference; includeInIndex = 1; lastKnownFileType = text.xcconfig; name = "Pods-Tower Defriendz.debug.xcconfig"; path = "Pods/Target Support Files/Pods-Tower Defriendz/Pods-Tower Defriendz.debug.xcconfig"; sourceTree = "<group>"; };
/* End PBXFileReference section */

/* Begin PBXFrameworksBuildPhase section */
		87FFB6721E9C4FFD0099A13A /* Frameworks */ = {
			isa = PBXFrameworksBuildPhase;
			buildActionMask = 2147483647;
			files = (
				D9C0DC6E5B2070213AA3C1A9 /* Pods_Tower_Defriendz.framework in Frameworks */,
			);
			runOnlyForDeploymentPostprocessing = 0;
		};
		87FFB6861E9C4FFD0099A13A /* Frameworks */ = {
			isa = PBXFrameworksBuildPhase;
			buildActionMask = 2147483647;
			files = (
			);
			runOnlyForDeploymentPostprocessing = 0;
		};
		87FFB6911E9C4FFD0099A13A /* Frameworks */ = {
			isa = PBXFrameworksBuildPhase;
			buildActionMask = 2147483647;
			files = (
			);
			runOnlyForDeploymentPostprocessing = 0;
		};
		87FFB6A71E9C50250099A13A /* Frameworks */ = {
			isa = PBXFrameworksBuildPhase;
			buildActionMask = 2147483647;
			files = (
				87FFB6AD1E9C50250099A13A /* Messages.framework in Frameworks */,
				C684A1894592D53E2F70535D /* Pods_Tower_Defriendz_Extension.framework in Frameworks */,
			);
			runOnlyForDeploymentPostprocessing = 0;
		};
/* End PBXFrameworksBuildPhase section */

/* Begin PBXGroup section */
		2BF08192260C870F8ADA6427 /* Pods */ = {
			isa = PBXGroup;
			children = (
				F649B03C1C55A2B143F6034F /* Pods-Tower Defriendz.debug.xcconfig */,
				8D15AA990F7D5A1A210431EC /* Pods-Tower Defriendz.release.xcconfig */,
				1AA151642BAA4D3A3A1AA27B /* Pods-Tower Defriendz Extension.debug.xcconfig */,
				1CB92B8BF4FDE8D3BC9C5C48 /* Pods-Tower Defriendz Extension.release.xcconfig */,
			);
			name = Pods;
			sourceTree = "<group>";
		};
		87AF42BF1E9C50DA00BF5498 /* VC */ = {
			isa = PBXGroup;
			children = (
				87AF42AA1E9C50BB00BF5498 /* VC.swift */,
				87AF42AB1E9C50BB00BF5498 /* VCAttackView.swift */,
				87AF42AC1E9C50BB00BF5498 /* VCGameView.swift */,
				87AF42AD1E9C50BB00BF5498 /* VCMessageHandling.swift */,
				87AF429F1E9C50BB00BF5498 /* GameStage.swift */,
				87AF42A41E9C50BB00BF5498 /* MainButton.swift */,
				87AF42A71E9C50BB00BF5498 /* StatusLabel.swift */,
				87A0C4031EA0016F006A2237 /* GameHandler.swift */,
			);
			name = VC;
			sourceTree = "<group>";
		};
		87AF42C01E9C50E200BF5498 /* Glimpse */ = {
			isa = PBXGroup;
			children = (
				87AF42A01E9C50BB00BF5498 /* Glimpse.h */,
				87AF42A11E9C50BB00BF5498 /* Glimpse.m */,
				87AF42A21E9C50BB00BF5498 /* GlimpseAssetWriter.h */,
				87AF42A31E9C50BB00BF5498 /* GlimpseAssetWriter.m */,
			);
			name = Glimpse;
			sourceTree = "<group>";
		};
		87AF42C11E9C50F200BF5498 /* Game View */ = {
			isa = PBXGroup;
			children = (
				87AF42991E9C50BB00BF5498 /* Army.swift */,
				87AF429C1E9C50BB00BF5498 /* Bullet.swift */,
				87AF429D1E9C50BB00BF5498 /* Enemy.swift */,
				87AF429E1E9C50BB00BF5498 /* Game.swift */,
				87AF42A81E9C50BB00BF5498 /* Tower.swift */,
			);
			name = "Game View";
			sourceTree = "<group>";
		};
		87AF42C21E9C511D00BF5498 /* Extras */ = {
			isa = PBXGroup;
			children = (
				87AF42C51E9C51EB00BF5498 /* MainInterface.storyboard */,
				87AF429A1E9C50BB00BF5498 /* Assets.xcassets */,
				87AF42A61E9C50BB00BF5498 /* MessagesExtension.entitlements */,
				87AF42A91E9C50BB00BF5498 /* UIViewExtension.swift */,
				87FFB6B61E9C50250099A13A /* Info.plist */,
				87AF42981E9C50BA00BF5498 /* Tower Defriendz Extension-Bridging-Header.h */,
			);
			name = Extras;
			sourceTree = "<group>";
		};
		87FFB66C1E9C4FFD0099A13A = {
			isa = PBXGroup;
			children = (
				87FFB6771E9C4FFD0099A13A /* Tower Defriendz */,
				87FFB68C1E9C4FFD0099A13A /* Tower DefriendzTests */,
				87FFB6971E9C4FFD0099A13A /* Tower DefriendzUITests */,
				87FFB6AE1E9C50250099A13A /* Tower Defriendz Extension */,
				87FFB6AB1E9C50250099A13A /* Frameworks */,
				87FFB6761E9C4FFD0099A13A /* Products */,
				2BF08192260C870F8ADA6427 /* Pods */,
			);
			sourceTree = "<group>";
		};
		87FFB6761E9C4FFD0099A13A /* Products */ = {
			isa = PBXGroup;
			children = (
				87FFB6751E9C4FFD0099A13A /* Tower Defriendz.app */,
				87FFB6891E9C4FFD0099A13A /* Tower DefriendzTests.xctest */,
				87FFB6941E9C4FFD0099A13A /* Tower DefriendzUITests.xctest */,
				87FFB6AA1E9C50250099A13A /* Tower Defriendz Extension.appex */,
			);
			name = Products;
			sourceTree = "<group>";
		};
		87FFB6771E9C4FFD0099A13A /* Tower Defriendz */ = {
			isa = PBXGroup;
			children = (
				873D32721E9C56A2002C8FA3 /* GoogleService-Info.plist */,
				87331CE51E9C530F001EE2A3 /* Tower Defriendz.entitlements */,
				87FFB6781E9C4FFD0099A13A /* AppDelegate.swift */,
				87FFB67A1E9C4FFD0099A13A /* ViewController.swift */,
				87FFB67C1E9C4FFD0099A13A /* Main.storyboard */,
				87FFB67F1E9C4FFD0099A13A /* Assets.xcassets */,
				87FFB6811E9C4FFD0099A13A /* LaunchScreen.storyboard */,
				87FFB6841E9C4FFD0099A13A /* Info.plist */,
			);
			path = "Tower Defriendz";
			sourceTree = "<group>";
		};
		87FFB68C1E9C4FFD0099A13A /* Tower DefriendzTests */ = {
			isa = PBXGroup;
			children = (
				87FFB68D1E9C4FFD0099A13A /* Tower_DefriendzTests.swift */,
				87FFB68F1E9C4FFD0099A13A /* Info.plist */,
			);
			path = "Tower DefriendzTests";
			sourceTree = "<group>";
		};
		87FFB6971E9C4FFD0099A13A /* Tower DefriendzUITests */ = {
			isa = PBXGroup;
			children = (
				87FFB6981E9C4FFD0099A13A /* Tower_DefriendzUITests.swift */,
				87FFB69A1E9C4FFD0099A13A /* Info.plist */,
			);
			path = "Tower DefriendzUITests";
			sourceTree = "<group>";
		};
		87FFB6AB1E9C50250099A13A /* Frameworks */ = {
			isa = PBXGroup;
			children = (
				87FFB6AC1E9C50250099A13A /* Messages.framework */,
				A3E04D52044CC286C1AEA856 /* Pods_Tower_Defriendz.framework */,
				C9CF06950A0FF99DE2FEEB00 /* Pods_Tower_Defriendz_Extension.framework */,
			);
			name = Frameworks;
			sourceTree = "<group>";
		};
		87FFB6AE1E9C50250099A13A /* Tower Defriendz Extension */ = {
			isa = PBXGroup;
			children = (
				87331CE61E9C5321001EE2A3 /* Tower Defriendz Extension.entitlements */,
				87AF42BF1E9C50DA00BF5498 /* VC */,
				87AF42C11E9C50F200BF5498 /* Game View */,
				87AF42C01E9C50E200BF5498 /* Glimpse */,
				87AF42C21E9C511D00BF5498 /* Extras */,
			);
			path = "Tower Defriendz Extension";
			sourceTree = "<group>";
		};
/* End PBXGroup section */

/* Begin PBXNativeTarget section */
		87FFB6741E9C4FFD0099A13A /* Tower Defriendz */ = {
			isa = PBXNativeTarget;
			buildConfigurationList = 87FFB69D1E9C4FFD0099A13A /* Build configuration list for PBXNativeTarget "Tower Defriendz" */;
			buildPhases = (
				B92A3E64A093CEC8316BE8B9 /* [CP] Check Pods Manifest.lock */,
				87FFB6711E9C4FFD0099A13A /* Sources */,
				87FFB6721E9C4FFD0099A13A /* Frameworks */,
				87FFB6731E9C4FFD0099A13A /* Resources */,
				87FFB6BD1E9C50250099A13A /* Embed App Extensions */,
				895E47D4004A6E0C8913A3C6 /* [CP] Embed Pods Frameworks */,
				4FFF170E22F9D97926C30892 /* [CP] Copy Pods Resources */,
			);
			buildRules = (
			);
			dependencies = (
				87FFB6B81E9C50250099A13A /* PBXTargetDependency */,
			);
			name = "Tower Defriendz";
			productName = "Tower Defriendz";
			productReference = 87FFB6751E9C4FFD0099A13A /* Tower Defriendz.app */;
			productType = "com.apple.product-type.application";
		};
		87FFB6881E9C4FFD0099A13A /* Tower DefriendzTests */ = {
			isa = PBXNativeTarget;
			buildConfigurationList = 87FFB6A01E9C4FFD0099A13A /* Build configuration list for PBXNativeTarget "Tower DefriendzTests" */;
			buildPhases = (
				87FFB6851E9C4FFD0099A13A /* Sources */,
				87FFB6861E9C4FFD0099A13A /* Frameworks */,
				87FFB6871E9C4FFD0099A13A /* Resources */,
			);
			buildRules = (
			);
			dependencies = (
				87FFB68B1E9C4FFD0099A13A /* PBXTargetDependency */,
			);
			name = "Tower DefriendzTests";
			productName = "Tower DefriendzTests";
			productReference = 87FFB6891E9C4FFD0099A13A /* Tower DefriendzTests.xctest */;
			productType = "com.apple.product-type.bundle.unit-test";
		};
		87FFB6931E9C4FFD0099A13A /* Tower DefriendzUITests */ = {
			isa = PBXNativeTarget;
			buildConfigurationList = 87FFB6A31E9C4FFD0099A13A /* Build configuration list for PBXNativeTarget "Tower DefriendzUITests" */;
			buildPhases = (
				87FFB6901E9C4FFD0099A13A /* Sources */,
				87FFB6911E9C4FFD0099A13A /* Frameworks */,
				87FFB6921E9C4FFD0099A13A /* Resources */,
			);
			buildRules = (
			);
			dependencies = (
				87FFB6961E9C4FFD0099A13A /* PBXTargetDependency */,
			);
			name = "Tower DefriendzUITests";
			productName = "Tower DefriendzUITests";
			productReference = 87FFB6941E9C4FFD0099A13A /* Tower DefriendzUITests.xctest */;
			productType = "com.apple.product-type.bundle.ui-testing";
		};
		87FFB6A91E9C50250099A13A /* Tower Defriendz Extension */ = {
			isa = PBXNativeTarget;
			buildConfigurationList = 87FFB6BA1E9C50250099A13A /* Build configuration list for PBXNativeTarget "Tower Defriendz Extension" */;
			buildPhases = (
				A96E5CA1903FEAF9A362B6A5 /* [CP] Check Pods Manifest.lock */,
				87FFB6A61E9C50250099A13A /* Sources */,
				87FFB6A71E9C50250099A13A /* Frameworks */,
				87FFB6A81E9C50250099A13A /* Resources */,
				8B9D261E74F02C125908560C /* [CP] Copy Pods Resources */,
			);
			buildRules = (
			);
			dependencies = (
			);
			name = "Tower Defriendz Extension";
			productName = "Tower Defriendz Extension";
			productReference = 87FFB6AA1E9C50250099A13A /* Tower Defriendz Extension.appex */;
			productType = "com.apple.product-type.app-extension.messages";
		};
/* End PBXNativeTarget section */

/* Begin PBXProject section */
		87FFB66D1E9C4FFD0099A13A /* Project object */ = {
			isa = PBXProject;
			attributes = {
				LastSwiftUpdateCheck = 0830;
				LastUpgradeCheck = 0830;
				ORGANIZATIONNAME = fiveever;
				TargetAttributes = {
					87FFB6741E9C4FFD0099A13A = {
						CreatedOnToolsVersion = 8.3.1;
						DevelopmentTeam = C72A48R82V;
						ProvisioningStyle = Automatic;
						SystemCapabilities = {
							com.apple.ApplicationGroups.iOS = {
								enabled = 1;
							};
						};
					};
					87FFB6881E9C4FFD0099A13A = {
						CreatedOnToolsVersion = 8.3.1;
						DevelopmentTeam = C72A48R82V;
						ProvisioningStyle = Automatic;
						TestTargetID = 87FFB6741E9C4FFD0099A13A;
					};
					87FFB6931E9C4FFD0099A13A = {
						CreatedOnToolsVersion = 8.3.1;
						DevelopmentTeam = C72A48R82V;
						ProvisioningStyle = Automatic;
						TestTargetID = 87FFB6741E9C4FFD0099A13A;
					};
					87FFB6A91E9C50250099A13A = {
						CreatedOnToolsVersion = 8.3.1;
						DevelopmentTeam = C72A48R82V;
						LastSwiftMigration = 0830;
						ProvisioningStyle = Automatic;
						SystemCapabilities = {
							com.apple.ApplicationGroups.iOS = {
								enabled = 1;
							};
						};
					};
				};
			};
			buildConfigurationList = 87FFB6701E9C4FFD0099A13A /* Build configuration list for PBXProject "Tower Defriendz" */;
			compatibilityVersion = "Xcode 3.2";
			developmentRegion = English;
			hasScannedForEncodings = 0;
			knownRegions = (
				en,
				Base,
			);
			mainGroup = 87FFB66C1E9C4FFD0099A13A;
			productRefGroup = 87FFB6761E9C4FFD0099A13A /* Products */;
			projectDirPath = "";
			projectRoot = "";
			targets = (
				87FFB6741E9C4FFD0099A13A /* Tower Defriendz */,
				87FFB6881E9C4FFD0099A13A /* Tower DefriendzTests */,
				87FFB6931E9C4FFD0099A13A /* Tower DefriendzUITests */,
				87FFB6A91E9C50250099A13A /* Tower Defriendz Extension */,
			);
		};
/* End PBXProject section */

/* Begin PBXResourcesBuildPhase section */
		87FFB6731E9C4FFD0099A13A /* Resources */ = {
			isa = PBXResourcesBuildPhase;
			buildActionMask = 2147483647;
			files = (
				87FFB6831E9C4FFD0099A13A /* LaunchScreen.storyboard in Resources */,
				873D32731E9C56A2002C8FA3 /* GoogleService-Info.plist in Resources */,
				87FFB6801E9C4FFD0099A13A /* Assets.xcassets in Resources */,
				87FFB67E1E9C4FFD0099A13A /* Main.storyboard in Resources */,
			);
			runOnlyForDeploymentPostprocessing = 0;
		};
		87FFB6871E9C4FFD0099A13A /* Resources */ = {
			isa = PBXResourcesBuildPhase;
			buildActionMask = 2147483647;
			files = (
			);
			runOnlyForDeploymentPostprocessing = 0;
		};
		87FFB6921E9C4FFD0099A13A /* Resources */ = {
			isa = PBXResourcesBuildPhase;
			buildActionMask = 2147483647;
			files = (
			);
			runOnlyForDeploymentPostprocessing = 0;
		};
		87FFB6A81E9C50250099A13A /* Resources */ = {
			isa = PBXResourcesBuildPhase;
			buildActionMask = 2147483647;
			files = (
				87AF42AF1E9C50BB00BF5498 /* Assets.xcassets in Resources */,
				87AF42C61E9C51EB00BF5498 /* MainInterface.storyboard in Resources */,
			);
			runOnlyForDeploymentPostprocessing = 0;
		};
/* End PBXResourcesBuildPhase section */

/* Begin PBXShellScriptBuildPhase section */
		4FFF170E22F9D97926C30892 /* [CP] Copy Pods Resources */ = {
			isa = PBXShellScriptBuildPhase;
			buildActionMask = 2147483647;
			files = (
			);
			inputPaths = (
			);
			name = "[CP] Copy Pods Resources";
			outputPaths = (
			);
			runOnlyForDeploymentPostprocessing = 0;
			shellPath = /bin/sh;
			shellScript = "\"${SRCROOT}/Pods/Target Support Files/Pods-Tower Defriendz/Pods-Tower Defriendz-resources.sh\"\n";
			showEnvVarsInLog = 0;
		};
		895E47D4004A6E0C8913A3C6 /* [CP] Embed Pods Frameworks */ = {
			isa = PBXShellScriptBuildPhase;
			buildActionMask = 2147483647;
			files = (
			);
			inputPaths = (
			);
			name = "[CP] Embed Pods Frameworks";
			outputPaths = (
			);
			runOnlyForDeploymentPostprocessing = 0;
			shellPath = /bin/sh;
			shellScript = "\"${SRCROOT}/Pods/Target Support Files/Pods-Tower Defriendz/Pods-Tower Defriendz-frameworks.sh\"\n";
			showEnvVarsInLog = 0;
		};
		8B9D261E74F02C125908560C /* [CP] Copy Pods Resources */ = {
			isa = PBXShellScriptBuildPhase;
			buildActionMask = 2147483647;
			files = (
			);
			inputPaths = (
			);
			name = "[CP] Copy Pods Resources";
			outputPaths = (
			);
			runOnlyForDeploymentPostprocessing = 0;
			shellPath = /bin/sh;
			shellScript = "\"${SRCROOT}/Pods/Target Support Files/Pods-Tower Defriendz Extension/Pods-Tower Defriendz Extension-resources.sh\"\n";
			showEnvVarsInLog = 0;
		};
		A96E5CA1903FEAF9A362B6A5 /* [CP] Check Pods Manifest.lock */ = {
			isa = PBXShellScriptBuildPhase;
			buildActionMask = 2147483647;
			files = (
			);
			inputPaths = (
			);
			name = "[CP] Check Pods Manifest.lock";
			outputPaths = (
			);
			runOnlyForDeploymentPostprocessing = 0;
			shellPath = /bin/sh;
			shellScript = "diff \"${PODS_ROOT}/../Podfile.lock\" \"${PODS_ROOT}/Manifest.lock\" > /dev/null\nif [ $? != 0 ] ; then\n    # print error to STDERR\n    echo \"error: The sandbox is not in sync with the Podfile.lock. Run 'pod install' or update your CocoaPods installation.\" >&2\n    exit 1\nfi\n";
			showEnvVarsInLog = 0;
		};
		B92A3E64A093CEC8316BE8B9 /* [CP] Check Pods Manifest.lock */ = {
			isa = PBXShellScriptBuildPhase;
			buildActionMask = 2147483647;
			files = (
			);
			inputPaths = (
			);
			name = "[CP] Check Pods Manifest.lock";
			outputPaths = (
			);
			runOnlyForDeploymentPostprocessing = 0;
			shellPath = /bin/sh;
			shellScript = "diff \"${PODS_ROOT}/../Podfile.lock\" \"${PODS_ROOT}/Manifest.lock\" > /dev/null\nif [ $? != 0 ] ; then\n    # print error to STDERR\n    echo \"error: The sandbox is not in sync with the Podfile.lock. Run 'pod install' or update your CocoaPods installation.\" >&2\n    exit 1\nfi\n";
			showEnvVarsInLog = 0;
		};
/* End PBXShellScriptBuildPhase section */

/* Begin PBXSourcesBuildPhase section */
		87FFB6711E9C4FFD0099A13A /* Sources */ = {
			isa = PBXSourcesBuildPhase;
			buildActionMask = 2147483647;
			files = (
				87FFB67B1E9C4FFD0099A13A /* ViewController.swift in Sources */,
				87FFB6791E9C4FFD0099A13A /* AppDelegate.swift in Sources */,
			);
			runOnlyForDeploymentPostprocessing = 0;
		};
		87FFB6851E9C4FFD0099A13A /* Sources */ = {
			isa = PBXSourcesBuildPhase;
			buildActionMask = 2147483647;
			files = (
				87FFB68E1E9C4FFD0099A13A /* Tower_DefriendzTests.swift in Sources */,
			);
			runOnlyForDeploymentPostprocessing = 0;
		};
		87FFB6901E9C4FFD0099A13A /* Sources */ = {
			isa = PBXSourcesBuildPhase;
			buildActionMask = 2147483647;
			files = (
				87FFB6991E9C4FFD0099A13A /* Tower_DefriendzUITests.swift in Sources */,
			);
			runOnlyForDeploymentPostprocessing = 0;
		};
		87FFB6A61E9C50250099A13A /* Sources */ = {
			isa = PBXSourcesBuildPhase;
			buildActionMask = 2147483647;
			files = (
				87AF42B61E9C50BB00BF5498 /* GlimpseAssetWriter.m in Sources */,
				87AF42B81E9C50BB00BF5498 /* StatusLabel.swift in Sources */,
				87AF42BA1E9C50BB00BF5498 /* UIViewExtension.swift in Sources */,
				87AF42AE1E9C50BB00BF5498 /* Army.swift in Sources */,
				87A0C4041EA0016F006A2237 /* GameHandler.swift in Sources */,
				87AF42BE1E9C50BB00BF5498 /* VCMessageHandling.swift in Sources */,
				87AF42BC1E9C50BB00BF5498 /* VCAttackView.swift in Sources */,
				87AF42B51E9C50BB00BF5498 /* Glimpse.m in Sources */,
				87AF42B11E9C50BB00BF5498 /* Bullet.swift in Sources */,
				87AF42BD1E9C50BB00BF5498 /* VCGameView.swift in Sources */,
				87AF42B71E9C50BB00BF5498 /* MainButton.swift in Sources */,
				87AF42B21E9C50BB00BF5498 /* Enemy.swift in Sources */,
				87AF42BB1E9C50BB00BF5498 /* VC.swift in Sources */,
				87AF42B91E9C50BB00BF5498 /* Tower.swift in Sources */,
				87AF42B31E9C50BB00BF5498 /* Game.swift in Sources */,
				87AF42B41E9C50BB00BF5498 /* GameStage.swift in Sources */,
			);
			runOnlyForDeploymentPostprocessing = 0;
		};
/* End PBXSourcesBuildPhase section */

/* Begin PBXTargetDependency section */
		87FFB68B1E9C4FFD0099A13A /* PBXTargetDependency */ = {
			isa = PBXTargetDependency;
			target = 87FFB6741E9C4FFD0099A13A /* Tower Defriendz */;
			targetProxy = 87FFB68A1E9C4FFD0099A13A /* PBXContainerItemProxy */;
		};
		87FFB6961E9C4FFD0099A13A /* PBXTargetDependency */ = {
			isa = PBXTargetDependency;
			target = 87FFB6741E9C4FFD0099A13A /* Tower Defriendz */;
			targetProxy = 87FFB6951E9C4FFD0099A13A /* PBXContainerItemProxy */;
		};
		87FFB6B81E9C50250099A13A /* PBXTargetDependency */ = {
			isa = PBXTargetDependency;
			target = 87FFB6A91E9C50250099A13A /* Tower Defriendz Extension */;
			targetProxy = 87FFB6B71E9C50250099A13A /* PBXContainerItemProxy */;
		};
/* End PBXTargetDependency section */

/* Begin PBXVariantGroup section */
		87FFB67C1E9C4FFD0099A13A /* Main.storyboard */ = {
			isa = PBXVariantGroup;
			children = (
				87FFB67D1E9C4FFD0099A13A /* Base */,
			);
			name = Main.storyboard;
			sourceTree = "<group>";
		};
		87FFB6811E9C4FFD0099A13A /* LaunchScreen.storyboard */ = {
			isa = PBXVariantGroup;
			children = (
				87FFB6821E9C4FFD0099A13A /* Base */,
			);
			name = LaunchScreen.storyboard;
			sourceTree = "<group>";
		};
/* End PBXVariantGroup section */

/* Begin XCBuildConfiguration section */
		87FFB69B1E9C4FFD0099A13A /* Debug */ = {
			isa = XCBuildConfiguration;
			buildSettings = {
				ALWAYS_SEARCH_USER_PATHS = NO;
				CLANG_ANALYZER_NONNULL = YES;
				CLANG_ANALYZER_NUMBER_OBJECT_CONVERSION = YES_AGGRESSIVE;
				CLANG_CXX_LANGUAGE_STANDARD = "gnu++0x";
				CLANG_CXX_LIBRARY = "libc++";
				CLANG_ENABLE_MODULES = YES;
				CLANG_ENABLE_OBJC_ARC = YES;
				CLANG_WARN_BOOL_CONVERSION = YES;
				CLANG_WARN_CONSTANT_CONVERSION = YES;
				CLANG_WARN_DIRECT_OBJC_ISA_USAGE = YES_ERROR;
				CLANG_WARN_DOCUMENTATION_COMMENTS = YES;
				CLANG_WARN_EMPTY_BODY = YES;
				CLANG_WARN_ENUM_CONVERSION = YES;
				CLANG_WARN_INFINITE_RECURSION = YES;
				CLANG_WARN_INT_CONVERSION = YES;
				CLANG_WARN_OBJC_ROOT_CLASS = YES_ERROR;
				CLANG_WARN_SUSPICIOUS_MOVE = YES;
				CLANG_WARN_UNREACHABLE_CODE = YES;
				CLANG_WARN__DUPLICATE_METHOD_MATCH = YES;
				"CODE_SIGN_IDENTITY[sdk=iphoneos*]" = "iPhone Developer";
				COPY_PHASE_STRIP = NO;
				DEBUG_INFORMATION_FORMAT = dwarf;
				ENABLE_STRICT_OBJC_MSGSEND = YES;
				ENABLE_TESTABILITY = YES;
				GCC_C_LANGUAGE_STANDARD = gnu99;
				GCC_DYNAMIC_NO_PIC = NO;
				GCC_NO_COMMON_BLOCKS = YES;
				GCC_OPTIMIZATION_LEVEL = 0;
				GCC_PREPROCESSOR_DEFINITIONS = (
					"DEBUG=1",
					"$(inherited)",
				);
				GCC_WARN_64_TO_32_BIT_CONVERSION = YES;
				GCC_WARN_ABOUT_RETURN_TYPE = YES_ERROR;
				GCC_WARN_UNDECLARED_SELECTOR = YES;
				GCC_WARN_UNINITIALIZED_AUTOS = YES_AGGRESSIVE;
				GCC_WARN_UNUSED_FUNCTION = YES;
				GCC_WARN_UNUSED_VARIABLE = YES;
				IPHONEOS_DEPLOYMENT_TARGET = 10.3;
				MTL_ENABLE_DEBUG_INFO = YES;
				ONLY_ACTIVE_ARCH = YES;
				SDKROOT = iphoneos;
				SWIFT_ACTIVE_COMPILATION_CONDITIONS = DEBUG;
				SWIFT_OPTIMIZATION_LEVEL = "-Onone";
			};
			name = Debug;
		};
		87FFB69C1E9C4FFD0099A13A /* Release */ = {
			isa = XCBuildConfiguration;
			buildSettings = {
				ALWAYS_SEARCH_USER_PATHS = NO;
				CLANG_ANALYZER_NONNULL = YES;
				CLANG_ANALYZER_NUMBER_OBJECT_CONVERSION = YES_AGGRESSIVE;
				CLANG_CXX_LANGUAGE_STANDARD = "gnu++0x";
				CLANG_CXX_LIBRARY = "libc++";
				CLANG_ENABLE_MODULES = YES;
				CLANG_ENABLE_OBJC_ARC = YES;
				CLANG_WARN_BOOL_CONVERSION = YES;
				CLANG_WARN_CONSTANT_CONVERSION = YES;
				CLANG_WARN_DIRECT_OBJC_ISA_USAGE = YES_ERROR;
				CLANG_WARN_DOCUMENTATION_COMMENTS = YES;
				CLANG_WARN_EMPTY_BODY = YES;
				CLANG_WARN_ENUM_CONVERSION = YES;
				CLANG_WARN_INFINITE_RECURSION = YES;
				CLANG_WARN_INT_CONVERSION = YES;
				CLANG_WARN_OBJC_ROOT_CLASS = YES_ERROR;
				CLANG_WARN_SUSPICIOUS_MOVE = YES;
				CLANG_WARN_UNREACHABLE_CODE = YES;
				CLANG_WARN__DUPLICATE_METHOD_MATCH = YES;
				"CODE_SIGN_IDENTITY[sdk=iphoneos*]" = "iPhone Developer";
				COPY_PHASE_STRIP = NO;
				DEBUG_INFORMATION_FORMAT = "dwarf-with-dsym";
				ENABLE_NS_ASSERTIONS = NO;
				ENABLE_STRICT_OBJC_MSGSEND = YES;
				GCC_C_LANGUAGE_STANDARD = gnu99;
				GCC_NO_COMMON_BLOCKS = YES;
				GCC_WARN_64_TO_32_BIT_CONVERSION = YES;
				GCC_WARN_ABOUT_RETURN_TYPE = YES_ERROR;
				GCC_WARN_UNDECLARED_SELECTOR = YES;
				GCC_WARN_UNINITIALIZED_AUTOS = YES_AGGRESSIVE;
				GCC_WARN_UNUSED_FUNCTION = YES;
				GCC_WARN_UNUSED_VARIABLE = YES;
				IPHONEOS_DEPLOYMENT_TARGET = 10.3;
				MTL_ENABLE_DEBUG_INFO = NO;
				SDKROOT = iphoneos;
				SWIFT_OPTIMIZATION_LEVEL = "-Owholemodule";
				VALIDATE_PRODUCT = YES;
			};
			name = Release;
		};
		87FFB69E1E9C4FFD0099A13A /* Debug */ = {
			isa = XCBuildConfiguration;
			baseConfigurationReference = F649B03C1C55A2B143F6034F /* Pods-Tower Defriendz.debug.xcconfig */;
			buildSettings = {
				ALWAYS_EMBED_SWIFT_STANDARD_LIBRARIES = YES;
				ASSETCATALOG_COMPILER_APPICON_NAME = AppIcon;
				CODE_SIGN_ENTITLEMENTS = "Tower Defriendz/Tower Defriendz.entitlements";
				DEVELOPMENT_TEAM = C72A48R82V;
				GCC_PREPROCESSOR_DEFINITIONS = (
					"$(inherited)",
					"COCOAPODS=1",
					"GTM_BACKGROUND_TASK_FETCHING=0",
				);
				INFOPLIST_FILE = "Tower Defriendz/Info.plist";
				LD_RUNPATH_SEARCH_PATHS = "$(inherited) @executable_path/Frameworks";
				PRODUCT_BUNDLE_IDENTIFIER = "com.fiveever.Tower-Defriendz";
				PRODUCT_NAME = "$(TARGET_NAME)";
				SWIFT_VERSION = 3.0;
			};
			name = Debug;
		};
		87FFB69F1E9C4FFD0099A13A /* Release */ = {
			isa = XCBuildConfiguration;
			baseConfigurationReference = 8D15AA990F7D5A1A210431EC /* Pods-Tower Defriendz.release.xcconfig */;
			buildSettings = {
				ALWAYS_EMBED_SWIFT_STANDARD_LIBRARIES = YES;
				ASSETCATALOG_COMPILER_APPICON_NAME = AppIcon;
				CODE_SIGN_ENTITLEMENTS = "Tower Defriendz/Tower Defriendz.entitlements";
				DEVELOPMENT_TEAM = C72A48R82V;
				GCC_PREPROCESSOR_DEFINITIONS = (
					"$(inherited)",
					"COCOAPODS=1",
					"GTM_BACKGROUND_TASK_FETCHING=0",
				);
				INFOPLIST_FILE = "Tower Defriendz/Info.plist";
				LD_RUNPATH_SEARCH_PATHS = "$(inherited) @executable_path/Frameworks";
				PRODUCT_BUNDLE_IDENTIFIER = "com.fiveever.Tower-Defriendz";
				PRODUCT_NAME = "$(TARGET_NAME)";
				SWIFT_VERSION = 3.0;
			};
			name = Release;
		};
		87FFB6A11E9C4FFD0099A13A /* Debug */ = {
			isa = XCBuildConfiguration;
			buildSettings = {
				ALWAYS_EMBED_SWIFT_STANDARD_LIBRARIES = YES;
				BUNDLE_LOADER = "$(TEST_HOST)";
				DEVELOPMENT_TEAM = C72A48R82V;
				INFOPLIST_FILE = "Tower DefriendzTests/Info.plist";
				LD_RUNPATH_SEARCH_PATHS = "$(inherited) @executable_path/Frameworks @loader_path/Frameworks";
				PRODUCT_BUNDLE_IDENTIFIER = "com.fiveever.Tower-DefriendzTests";
				PRODUCT_NAME = "$(TARGET_NAME)";
				SWIFT_VERSION = 3.0;
				TEST_HOST = "$(BUILT_PRODUCTS_DIR)/Tower Defriendz.app/Tower Defriendz";
			};
			name = Debug;
		};
		87FFB6A21E9C4FFD0099A13A /* Release */ = {
			isa = XCBuildConfiguration;
			buildSettings = {
				ALWAYS_EMBED_SWIFT_STANDARD_LIBRARIES = YES;
				BUNDLE_LOADER = "$(TEST_HOST)";
				DEVELOPMENT_TEAM = C72A48R82V;
				INFOPLIST_FILE = "Tower DefriendzTests/Info.plist";
				LD_RUNPATH_SEARCH_PATHS = "$(inherited) @executable_path/Frameworks @loader_path/Frameworks";
				PRODUCT_BUNDLE_IDENTIFIER = "com.fiveever.Tower-DefriendzTests";
				PRODUCT_NAME = "$(TARGET_NAME)";
				SWIFT_VERSION = 3.0;
				TEST_HOST = "$(BUILT_PRODUCTS_DIR)/Tower Defriendz.app/Tower Defriendz";
			};
			name = Release;
		};
		87FFB6A41E9C4FFD0099A13A /* Debug */ = {
			isa = XCBuildConfiguration;
			buildSettings = {
				ALWAYS_EMBED_SWIFT_STANDARD_LIBRARIES = YES;
				DEVELOPMENT_TEAM = C72A48R82V;
				INFOPLIST_FILE = "Tower DefriendzUITests/Info.plist";
				LD_RUNPATH_SEARCH_PATHS = "$(inherited) @executable_path/Frameworks @loader_path/Frameworks";
				PRODUCT_BUNDLE_IDENTIFIER = "com.fiveever.Tower-DefriendzUITests";
				PRODUCT_NAME = "$(TARGET_NAME)";
				SWIFT_VERSION = 3.0;
				TEST_TARGET_NAME = "Tower Defriendz";
			};
			name = Debug;
		};
		87FFB6A51E9C4FFD0099A13A /* Release */ = {
			isa = XCBuildConfiguration;
			buildSettings = {
				ALWAYS_EMBED_SWIFT_STANDARD_LIBRARIES = YES;
				DEVELOPMENT_TEAM = C72A48R82V;
				INFOPLIST_FILE = "Tower DefriendzUITests/Info.plist";
				LD_RUNPATH_SEARCH_PATHS = "$(inherited) @executable_path/Frameworks @loader_path/Frameworks";
				PRODUCT_BUNDLE_IDENTIFIER = "com.fiveever.Tower-DefriendzUITests";
				PRODUCT_NAME = "$(TARGET_NAME)";
				SWIFT_VERSION = 3.0;
				TEST_TARGET_NAME = "Tower Defriendz";
			};
			name = Release;
		};
		87FFB6BB1E9C50250099A13A /* Debug */ = {
			isa = XCBuildConfiguration;
			baseConfigurationReference = 1AA151642BAA4D3A3A1AA27B /* Pods-Tower Defriendz Extension.debug.xcconfig */;
			buildSettings = {
				ASSETCATALOG_COMPILER_APPICON_NAME = "iMessage App Icon";
				CLANG_ENABLE_MODULES = YES;
				CODE_SIGN_ENTITLEMENTS = "Tower Defriendz Extension/Tower Defriendz Extension.entitlements";
				DEVELOPMENT_TEAM = C72A48R82V;
				INFOPLIST_FILE = "Tower Defriendz Extension/Info.plist";
				LD_RUNPATH_SEARCH_PATHS = "$(inherited) @executable_path/Frameworks @executable_path/../../Frameworks";
				PRODUCT_BUNDLE_IDENTIFIER = "com.fiveever.Tower-Defriendz.Tower-Defriendz-Extension";
				PRODUCT_NAME = "$(TARGET_NAME)";
				SKIP_INSTALL = YES;
				SWIFT_OBJC_BRIDGING_HEADER = "Tower Defriendz Extension/Tower Defriendz Extension-Bridging-Header.h";
				SWIFT_OPTIMIZATION_LEVEL = "-Onone";
				SWIFT_VERSION = 3.0;
			};
			name = Debug;
		};
		87FFB6BC1E9C50250099A13A /* Release */ = {
			isa = XCBuildConfiguration;
			baseConfigurationReference = 1CB92B8BF4FDE8D3BC9C5C48 /* Pods-Tower Defriendz Extension.release.xcconfig */;
			buildSettings = {
				ASSETCATALOG_COMPILER_APPICON_NAME = "iMessage App Icon";
				CLANG_ENABLE_MODULES = YES;
				CODE_SIGN_ENTITLEMENTS = "Tower Defriendz Extension/Tower Defriendz Extension.entitlements";
				DEVELOPMENT_TEAM = C72A48R82V;
				INFOPLIST_FILE = "Tower Defriendz Extension/Info.plist";
				LD_RUNPATH_SEARCH_PATHS = "$(inherited) @executable_path/Frameworks @executable_path/../../Frameworks";
				PRODUCT_BUNDLE_IDENTIFIER = "com.fiveever.Tower-Defriendz.Tower-Defriendz-Extension";
				PRODUCT_NAME = "$(TARGET_NAME)";
				SKIP_INSTALL = YES;
				SWIFT_OBJC_BRIDGING_HEADER = "Tower Defriendz Extension/Tower Defriendz Extension-Bridging-Header.h";
				SWIFT_VERSION = 3.0;
			};
			name = Release;
		};
/* End XCBuildConfiguration section */

/* Begin XCConfigurationList section */
		87FFB6701E9C4FFD0099A13A /* Build configuration list for PBXProject "Tower Defriendz" */ = {
			isa = XCConfigurationList;
			buildConfigurations = (
				87FFB69B1E9C4FFD0099A13A /* Debug */,
				87FFB69C1E9C4FFD0099A13A /* Release */,
			);
			defaultConfigurationIsVisible = 0;
			defaultConfigurationName = Release;
		};
		87FFB69D1E9C4FFD0099A13A /* Build configuration list for PBXNativeTarget "Tower Defriendz" */ = {
			isa = XCConfigurationList;
			buildConfigurations = (
				87FFB69E1E9C4FFD0099A13A /* Debug */,
				87FFB69F1E9C4FFD0099A13A /* Release */,
			);
			defaultConfigurationIsVisible = 0;
			defaultConfigurationName = Release;
		};
		87FFB6A01E9C4FFD0099A13A /* Build configuration list for PBXNativeTarget "Tower DefriendzTests" */ = {
			isa = XCConfigurationList;
			buildConfigurations = (
				87FFB6A11E9C4FFD0099A13A /* Debug */,
				87FFB6A21E9C4FFD0099A13A /* Release */,
			);
			defaultConfigurationIsVisible = 0;
			defaultConfigurationName = Release;
		};
		87FFB6A31E9C4FFD0099A13A /* Build configuration list for PBXNativeTarget "Tower DefriendzUITests" */ = {
			isa = XCConfigurationList;
			buildConfigurations = (
				87FFB6A41E9C4FFD0099A13A /* Debug */,
				87FFB6A51E9C4FFD0099A13A /* Release */,
			);
			defaultConfigurationIsVisible = 0;
			defaultConfigurationName = Release;
		};
		87FFB6BA1E9C50250099A13A /* Build configuration list for PBXNativeTarget "Tower Defriendz Extension" */ = {
			isa = XCConfigurationList;
			buildConfigurations = (
				87FFB6BB1E9C50250099A13A /* Debug */,
				87FFB6BC1E9C50250099A13A /* Release */,
			);
			defaultConfigurationIsVisible = 0;
			defaultConfigurationName = Release;
		};
/* End XCConfigurationList section */
	};
	rootObject = 87FFB66D1E9C4FFD0099A13A /* Project object */;
}
