// !$*UTF8*$!
{
	archiveVersion = 1;
	classes = {
	};
	objectVersion = 46;
	objects = {

/* Begin PBXBuildFile section */
		874420D41EA5886F00F9A572 /* Assets.xcassets in Resources */ = {isa = PBXBuildFile; fileRef = 874420D31EA5886F00F9A572 /* Assets.xcassets */; };
		874420DB1EA5886F00F9A572 /* MessagesExtension.appex in Embed App Extensions */ = {isa = PBXBuildFile; fileRef = 874420DA1EA5886F00F9A572 /* MessagesExtension.appex */; settings = {ATTRIBUTES = (RemoveHeadersOnCopy, ); }; };
		874420E01EA5886F00F9A572 /* Messages.framework in Frameworks */ = {isa = PBXBuildFile; fileRef = 874420DF1EA5886F00F9A572 /* Messages.framework */; };
		874420E81EA5886F00F9A572 /* Assets.xcassets in Resources */ = {isa = PBXBuildFile; fileRef = 874420E71EA5886F00F9A572 /* Assets.xcassets */; };
		87552B651EA5898700EA10BC /* Army.swift in Sources */ = {isa = PBXBuildFile; fileRef = 87552B601EA5898700EA10BC /* Army.swift */; };
		87552B661EA5898700EA10BC /* Bullet.swift in Sources */ = {isa = PBXBuildFile; fileRef = 87552B611EA5898700EA10BC /* Bullet.swift */; };
		87552B671EA5898700EA10BC /* Enemy.swift in Sources */ = {isa = PBXBuildFile; fileRef = 87552B621EA5898700EA10BC /* Enemy.swift */; };
		87552B681EA5898700EA10BC /* GameView.swift in Sources */ = {isa = PBXBuildFile; fileRef = 87552B631EA5898700EA10BC /* GameView.swift */; };
		87552B691EA5898700EA10BC /* Tower.swift in Sources */ = {isa = PBXBuildFile; fileRef = 87552B641EA5898700EA10BC /* Tower.swift */; };
		87552B791EA58A3500EA10BC /* GameHandler.swift in Sources */ = {isa = PBXBuildFile; fileRef = 87552B6E1EA58A3500EA10BC /* GameHandler.swift */; };
		87552B7A1EA58A3500EA10BC /* GameStage.swift in Sources */ = {isa = PBXBuildFile; fileRef = 87552B6F1EA58A3500EA10BC /* GameStage.swift */; };
		87552B7B1EA58A3500EA10BC /* MainButton.swift in Sources */ = {isa = PBXBuildFile; fileRef = 87552B701EA58A3500EA10BC /* MainButton.swift */; };
		87552B7C1EA58A3500EA10BC /* MainInterface.storyboard in Resources */ = {isa = PBXBuildFile; fileRef = 87552B711EA58A3500EA10BC /* MainInterface.storyboard */; };
		87552B7D1EA58A3500EA10BC /* StatusLabel.swift in Sources */ = {isa = PBXBuildFile; fileRef = 87552B721EA58A3500EA10BC /* StatusLabel.swift */; };
		87552B7E1EA58A3500EA10BC /* UIColorExtensions.swift in Sources */ = {isa = PBXBuildFile; fileRef = 87552B731EA58A3500EA10BC /* UIColorExtensions.swift */; };
		87552B7F1EA58A3500EA10BC /* UIViewExtension.swift in Sources */ = {isa = PBXBuildFile; fileRef = 87552B741EA58A3500EA10BC /* UIViewExtension.swift */; };
		87552B801EA58A3500EA10BC /* VC.swift in Sources */ = {isa = PBXBuildFile; fileRef = 87552B751EA58A3500EA10BC /* VC.swift */; };
		87552B811EA58A3500EA10BC /* VCAttackView.swift in Sources */ = {isa = PBXBuildFile; fileRef = 87552B761EA58A3500EA10BC /* VCAttackView.swift */; };
		87552B821EA58A3500EA10BC /* VCGameView.swift in Sources */ = {isa = PBXBuildFile; fileRef = 87552B771EA58A3500EA10BC /* VCGameView.swift */; };
		87552B831EA58A3500EA10BC /* VCMessageHandling.swift in Sources */ = {isa = PBXBuildFile; fileRef = 87552B781EA58A3500EA10BC /* VCMessageHandling.swift */; };
/* End PBXBuildFile section */

/* Begin PBXContainerItemProxy section */
		874420DC1EA5886F00F9A572 /* PBXContainerItemProxy */ = {
			isa = PBXContainerItemProxy;
			containerPortal = 874420CA1EA5886F00F9A572 /* Project object */;
			proxyType = 1;
			remoteGlobalIDString = 874420D91EA5886F00F9A572;
			remoteInfo = MessagesExtension;
		};
/* End PBXContainerItemProxy section */

/* Begin PBXCopyFilesBuildPhase section */
		874420EF1EA5886F00F9A572 /* Embed App Extensions */ = {
			isa = PBXCopyFilesBuildPhase;
			buildActionMask = 2147483647;
			dstPath = "";
			dstSubfolderSpec = 13;
			files = (
				874420DB1EA5886F00F9A572 /* MessagesExtension.appex in Embed App Extensions */,
			);
			name = "Embed App Extensions";
			runOnlyForDeploymentPostprocessing = 0;
		};
/* End PBXCopyFilesBuildPhase section */

/* Begin PBXFileReference section */
		874420D01EA5886F00F9A572 /* Tower Defriendz.app */ = {isa = PBXFileReference; explicitFileType = wrapper.application; includeInIndex = 0; path = "Tower Defriendz.app"; sourceTree = BUILT_PRODUCTS_DIR; };
		874420D31EA5886F00F9A572 /* Assets.xcassets */ = {isa = PBXFileReference; lastKnownFileType = folder.assetcatalog; path = Assets.xcassets; sourceTree = "<group>"; };
		874420D51EA5886F00F9A572 /* Info.plist */ = {isa = PBXFileReference; lastKnownFileType = text.plist.xml; path = Info.plist; sourceTree = "<group>"; };
		874420DA1EA5886F00F9A572 /* MessagesExtension.appex */ = {isa = PBXFileReference; explicitFileType = "wrapper.app-extension"; includeInIndex = 0; path = MessagesExtension.appex; sourceTree = BUILT_PRODUCTS_DIR; };
		874420DF1EA5886F00F9A572 /* Messages.framework */ = {isa = PBXFileReference; lastKnownFileType = wrapper.framework; name = Messages.framework; path = System/Library/Frameworks/Messages.framework; sourceTree = SDKROOT; };
		874420E71EA5886F00F9A572 /* Assets.xcassets */ = {isa = PBXFileReference; lastKnownFileType = folder.assetcatalog; path = Assets.xcassets; sourceTree = "<group>"; };
		874420E91EA5886F00F9A572 /* Info.plist */ = {isa = PBXFileReference; lastKnownFileType = text.plist.xml; path = Info.plist; sourceTree = "<group>"; };
		87552B601EA5898700EA10BC /* Army.swift */ = {isa = PBXFileReference; fileEncoding = 4; lastKnownFileType = sourcecode.swift; path = Army.swift; sourceTree = "<group>"; };
		87552B611EA5898700EA10BC /* Bullet.swift */ = {isa = PBXFileReference; fileEncoding = 4; lastKnownFileType = sourcecode.swift; path = Bullet.swift; sourceTree = "<group>"; };
		87552B621EA5898700EA10BC /* Enemy.swift */ = {isa = PBXFileReference; fileEncoding = 4; lastKnownFileType = sourcecode.swift; path = Enemy.swift; sourceTree = "<group>"; };
		87552B631EA5898700EA10BC /* GameView.swift */ = {isa = PBXFileReference; fileEncoding = 4; lastKnownFileType = sourcecode.swift; path = GameView.swift; sourceTree = "<group>"; };
		87552B641EA5898700EA10BC /* Tower.swift */ = {isa = PBXFileReference; fileEncoding = 4; lastKnownFileType = sourcecode.swift; path = Tower.swift; sourceTree = "<group>"; };
		87552B6E1EA58A3500EA10BC /* GameHandler.swift */ = {isa = PBXFileReference; fileEncoding = 4; lastKnownFileType = sourcecode.swift; path = GameHandler.swift; sourceTree = "<group>"; };
		87552B6F1EA58A3500EA10BC /* GameStage.swift */ = {isa = PBXFileReference; fileEncoding = 4; lastKnownFileType = sourcecode.swift; path = GameStage.swift; sourceTree = "<group>"; };
		87552B701EA58A3500EA10BC /* MainButton.swift */ = {isa = PBXFileReference; fileEncoding = 4; lastKnownFileType = sourcecode.swift; path = MainButton.swift; sourceTree = "<group>"; };
		87552B711EA58A3500EA10BC /* MainInterface.storyboard */ = {isa = PBXFileReference; fileEncoding = 4; lastKnownFileType = file.storyboard; path = MainInterface.storyboard; sourceTree = "<group>"; };
		87552B721EA58A3500EA10BC /* StatusLabel.swift */ = {isa = PBXFileReference; fileEncoding = 4; lastKnownFileType = sourcecode.swift; path = StatusLabel.swift; sourceTree = "<group>"; };
		87552B731EA58A3500EA10BC /* UIColorExtensions.swift */ = {isa = PBXFileReference; fileEncoding = 4; lastKnownFileType = sourcecode.swift; path = UIColorExtensions.swift; sourceTree = "<group>"; };
		87552B741EA58A3500EA10BC /* UIViewExtension.swift */ = {isa = PBXFileReference; fileEncoding = 4; lastKnownFileType = sourcecode.swift; path = UIViewExtension.swift; sourceTree = "<group>"; };
		87552B751EA58A3500EA10BC /* VC.swift */ = {isa = PBXFileReference; fileEncoding = 4; lastKnownFileType = sourcecode.swift; path = VC.swift; sourceTree = "<group>"; };
		87552B761EA58A3500EA10BC /* VCAttackView.swift */ = {isa = PBXFileReference; fileEncoding = 4; lastKnownFileType = sourcecode.swift; path = VCAttackView.swift; sourceTree = "<group>"; };
		87552B771EA58A3500EA10BC /* VCGameView.swift */ = {isa = PBXFileReference; fileEncoding = 4; lastKnownFileType = sourcecode.swift; path = VCGameView.swift; sourceTree = "<group>"; };
		87552B781EA58A3500EA10BC /* VCMessageHandling.swift */ = {isa = PBXFileReference; fileEncoding = 4; lastKnownFileType = sourcecode.swift; path = VCMessageHandling.swift; sourceTree = "<group>"; };
/* End PBXFileReference section */

/* Begin PBXFrameworksBuildPhase section */
		874420D71EA5886F00F9A572 /* Frameworks */ = {
			isa = PBXFrameworksBuildPhase;
			buildActionMask = 2147483647;
			files = (
				874420E01EA5886F00F9A572 /* Messages.framework in Frameworks */,
			);
			runOnlyForDeploymentPostprocessing = 0;
		};
/* End PBXFrameworksBuildPhase section */

/* Begin PBXGroup section */
		874420C91EA5886F00F9A572 = {
			isa = PBXGroup;
			children = (
				874420D21EA5886F00F9A572 /* Tower Defriendz */,
				874420E11EA5886F00F9A572 /* MessagesExtension */,
				874420DE1EA5886F00F9A572 /* Frameworks */,
				874420D11EA5886F00F9A572 /* Products */,
			);
			sourceTree = "<group>";
		};
		874420D11EA5886F00F9A572 /* Products */ = {
			isa = PBXGroup;
			children = (
				874420D01EA5886F00F9A572 /* Tower Defriendz.app */,
				874420DA1EA5886F00F9A572 /* MessagesExtension.appex */,
			);
			name = Products;
			sourceTree = "<group>";
		};
		874420D21EA5886F00F9A572 /* Tower Defriendz */ = {
			isa = PBXGroup;
			children = (
				874420D31EA5886F00F9A572 /* Assets.xcassets */,
				874420D51EA5886F00F9A572 /* Info.plist */,
			);
			path = "Tower Defriendz";
			sourceTree = "<group>";
		};
		874420DE1EA5886F00F9A572 /* Frameworks */ = {
			isa = PBXGroup;
			children = (
				874420DF1EA5886F00F9A572 /* Messages.framework */,
			);
			name = Frameworks;
			sourceTree = "<group>";
		};
		874420E11EA5886F00F9A572 /* MessagesExtension */ = {
			isa = PBXGroup;
			children = (
				87552B6A1EA5899200EA10BC /* GameView */,
				87552B841EA58A5300EA10BC /* Classes */,
				87552B6B1EA589A100EA10BC /* VC */,
				87552B6C1EA589A900EA10BC /* Extras */,
			);
			path = MessagesExtension;
			sourceTree = "<group>";
		};
		87552B6A1EA5899200EA10BC /* GameView */ = {
			isa = PBXGroup;
			children = (
				87552B601EA5898700EA10BC /* Army.swift */,
				87552B611EA5898700EA10BC /* Bullet.swift */,
				87552B621EA5898700EA10BC /* Enemy.swift */,
				87552B631EA5898700EA10BC /* GameView.swift */,
				87552B641EA5898700EA10BC /* Tower.swift */,
			);
			name = GameView;
			sourceTree = "<group>";
		};
		87552B6B1EA589A100EA10BC /* VC */ = {
			isa = PBXGroup;
			children = (
				87552B751EA58A3500EA10BC /* VC.swift */,
				87552B761EA58A3500EA10BC /* VCAttackView.swift */,
				87552B771EA58A3500EA10BC /* VCGameView.swift */,
				87552B781EA58A3500EA10BC /* VCMessageHandling.swift */,
			);
			name = VC;
			sourceTree = "<group>";
		};
		87552B6C1EA589A900EA10BC /* Extras */ = {
			isa = PBXGroup;
			children = (
				87552B711EA58A3500EA10BC /* MainInterface.storyboard */,
				874420E71EA5886F00F9A572 /* Assets.xcassets */,
				874420E91EA5886F00F9A572 /* Info.plist */,
			);
			name = Extras;
			sourceTree = "<group>";
		};
		87552B841EA58A5300EA10BC /* Classes */ = {
			isa = PBXGroup;
			children = (
				87552B6E1EA58A3500EA10BC /* GameHandler.swift */,
				87552B6F1EA58A3500EA10BC /* GameStage.swift */,
				87552B701EA58A3500EA10BC /* MainButton.swift */,
				87552B721EA58A3500EA10BC /* StatusLabel.swift */,
				87552B731EA58A3500EA10BC /* UIColorExtensions.swift */,
				87552B741EA58A3500EA10BC /* UIViewExtension.swift */,
			);
			name = Classes;
			sourceTree = "<group>";
		};
/* End PBXGroup section */

/* Begin PBXNativeTarget section */
		874420CF1EA5886F00F9A572 /* Tower Defriendz */ = {
			isa = PBXNativeTarget;
			buildConfigurationList = 874420F01EA5886F00F9A572 /* Build configuration list for PBXNativeTarget "Tower Defriendz" */;
			buildPhases = (
				874420CE1EA5886F00F9A572 /* Resources */,
				874420EF1EA5886F00F9A572 /* Embed App Extensions */,
			);
			buildRules = (
			);
			dependencies = (
				874420DD1EA5886F00F9A572 /* PBXTargetDependency */,
			);
			name = "Tower Defriendz";
			productName = "Tower Defriendz";
			productReference = 874420D01EA5886F00F9A572 /* Tower Defriendz.app */;
			productType = "com.apple.product-type.application.messages";
		};
		874420D91EA5886F00F9A572 /* MessagesExtension */ = {
			isa = PBXNativeTarget;
			buildConfigurationList = 874420EC1EA5886F00F9A572 /* Build configuration list for PBXNativeTarget "MessagesExtension" */;
			buildPhases = (
				874420D61EA5886F00F9A572 /* Sources */,
				874420D71EA5886F00F9A572 /* Frameworks */,
				874420D81EA5886F00F9A572 /* Resources */,
			);
			buildRules = (
			);
			dependencies = (
			);
			name = MessagesExtension;
			productName = MessagesExtension;
			productReference = 874420DA1EA5886F00F9A572 /* MessagesExtension.appex */;
			productType = "com.apple.product-type.app-extension.messages";
		};
/* End PBXNativeTarget section */

/* Begin PBXProject section */
		874420CA1EA5886F00F9A572 /* Project object */ = {
			isa = PBXProject;
			attributes = {
				LastSwiftUpdateCheck = 0830;
				LastUpgradeCheck = 0830;
				ORGANIZATIONNAME = fiveever;
				TargetAttributes = {
					874420CF1EA5886F00F9A572 = {
						CreatedOnToolsVersion = 8.3.1;
						DevelopmentTeam = C72A48R82V;
						ProvisioningStyle = Automatic;
					};
					874420D91EA5886F00F9A572 = {
						CreatedOnToolsVersion = 8.3.1;
						DevelopmentTeam = C72A48R82V;
						ProvisioningStyle = Automatic;
					};
				};
			};
			buildConfigurationList = 874420CD1EA5886F00F9A572 /* Build configuration list for PBXProject "Tower Defriendz" */;
			compatibilityVersion = "Xcode 3.2";
			developmentRegion = English;
			hasScannedForEncodings = 0;
			knownRegions = (
				en,
				Base,
			);
			mainGroup = 874420C91EA5886F00F9A572;
			productRefGroup = 874420D11EA5886F00F9A572 /* Products */;
			projectDirPath = "";
			projectRoot = "";
			targets = (
				874420CF1EA5886F00F9A572 /* Tower Defriendz */,
				874420D91EA5886F00F9A572 /* MessagesExtension */,
			);
		};
/* End PBXProject section */

/* Begin PBXResourcesBuildPhase section */
		874420CE1EA5886F00F9A572 /* Resources */ = {
			isa = PBXResourcesBuildPhase;
			buildActionMask = 2147483647;
			files = (
				874420D41EA5886F00F9A572 /* Assets.xcassets in Resources */,
			);
			runOnlyForDeploymentPostprocessing = 0;
		};
		874420D81EA5886F00F9A572 /* Resources */ = {
			isa = PBXResourcesBuildPhase;
			buildActionMask = 2147483647;
			files = (
				874420E81EA5886F00F9A572 /* Assets.xcassets in Resources */,
				87552B7C1EA58A3500EA10BC /* MainInterface.storyboard in Resources */,
			);
			runOnlyForDeploymentPostprocessing = 0;
		};
/* End PBXResourcesBuildPhase section */

/* Begin PBXSourcesBuildPhase section */
		874420D61EA5886F00F9A572 /* Sources */ = {
			isa = PBXSourcesBuildPhase;
			buildActionMask = 2147483647;
			files = (
				87552B7A1EA58A3500EA10BC /* GameStage.swift in Sources */,
				87552B671EA5898700EA10BC /* Enemy.swift in Sources */,
				87552B7B1EA58A3500EA10BC /* MainButton.swift in Sources */,
				87552B681EA5898700EA10BC /* GameView.swift in Sources */,
				87552B7D1EA58A3500EA10BC /* StatusLabel.swift in Sources */,
				87552B831EA58A3500EA10BC /* VCMessageHandling.swift in Sources */,
				87552B651EA5898700EA10BC /* Army.swift in Sources */,
				87552B821EA58A3500EA10BC /* VCGameView.swift in Sources */,
				87552B7F1EA58A3500EA10BC /* UIViewExtension.swift in Sources */,
				87552B811EA58A3500EA10BC /* VCAttackView.swift in Sources */,
				87552B801EA58A3500EA10BC /* VC.swift in Sources */,
				87552B7E1EA58A3500EA10BC /* UIColorExtensions.swift in Sources */,
				87552B791EA58A3500EA10BC /* GameHandler.swift in Sources */,
				87552B691EA5898700EA10BC /* Tower.swift in Sources */,
				87552B661EA5898700EA10BC /* Bullet.swift in Sources */,
			);
			runOnlyForDeploymentPostprocessing = 0;
		};
/* End PBXSourcesBuildPhase section */

/* Begin PBXTargetDependency section */
		874420DD1EA5886F00F9A572 /* PBXTargetDependency */ = {
			isa = PBXTargetDependency;
			target = 874420D91EA5886F00F9A572 /* MessagesExtension */;
			targetProxy = 874420DC1EA5886F00F9A572 /* PBXContainerItemProxy */;
		};
/* End PBXTargetDependency section */

/* Begin XCBuildConfiguration section */
		874420EA1EA5886F00F9A572 /* Debug */ = {
			isa = XCBuildConfiguration;
			buildSettings = {
				ALWAYS_SEARCH_USER_PATHS = NO;
				CLANG_ANALYZER_NONNULL = YES;
				CLANG_ANALYZER_NUMBER_OBJECT_CONVERSION = YES_AGGRESSIVE;
				CLANG_CXX_LANGUAGE_STANDARD = "gnu++0x";
				CLANG_CXX_LIBRARY = "libc++";
				CLANG_ENABLE_MODULES = YES;
				CLANG_ENABLE_OBJC_ARC = YES;
				CLANG_WARN_BOOL_CONVERSION = YES;
				CLANG_WARN_CONSTANT_CONVERSION = YES;
				CLANG_WARN_DIRECT_OBJC_ISA_USAGE = YES_ERROR;
				CLANG_WARN_DOCUMENTATION_COMMENTS = YES;
				CLANG_WARN_EMPTY_BODY = YES;
				CLANG_WARN_ENUM_CONVERSION = YES;
				CLANG_WARN_INFINITE_RECURSION = YES;
				CLANG_WARN_INT_CONVERSION = YES;
				CLANG_WARN_OBJC_ROOT_CLASS = YES_ERROR;
				CLANG_WARN_SUSPICIOUS_MOVE = YES;
				CLANG_WARN_UNREACHABLE_CODE = YES;
				CLANG_WARN__DUPLICATE_METHOD_MATCH = YES;
				"CODE_SIGN_IDENTITY[sdk=iphoneos*]" = "iPhone Developer";
				COPY_PHASE_STRIP = NO;
				DEBUG_INFORMATION_FORMAT = dwarf;
				ENABLE_STRICT_OBJC_MSGSEND = YES;
				ENABLE_TESTABILITY = YES;
				GCC_C_LANGUAGE_STANDARD = gnu99;
				GCC_DYNAMIC_NO_PIC = NO;
				GCC_NO_COMMON_BLOCKS = YES;
				GCC_OPTIMIZATION_LEVEL = 0;
				GCC_PREPROCESSOR_DEFINITIONS = (
					"DEBUG=1",
					"$(inherited)",
				);
				GCC_WARN_64_TO_32_BIT_CONVERSION = YES;
				GCC_WARN_ABOUT_RETURN_TYPE = YES_ERROR;
				GCC_WARN_UNDECLARED_SELECTOR = YES;
				GCC_WARN_UNINITIALIZED_AUTOS = YES_AGGRESSIVE;
				GCC_WARN_UNUSED_FUNCTION = YES;
				GCC_WARN_UNUSED_VARIABLE = YES;
				IPHONEOS_DEPLOYMENT_TARGET = 10.3;
				MTL_ENABLE_DEBUG_INFO = YES;
				ONLY_ACTIVE_ARCH = YES;
				SDKROOT = iphoneos;
				SWIFT_ACTIVE_COMPILATION_CONDITIONS = DEBUG;
				SWIFT_OPTIMIZATION_LEVEL = "-Onone";
				TARGETED_DEVICE_FAMILY = "1,2";
			};
			name = Debug;
		};
		874420EB1EA5886F00F9A572 /* Release */ = {
			isa = XCBuildConfiguration;
			buildSettings = {
				ALWAYS_SEARCH_USER_PATHS = NO;
				CLANG_ANALYZER_NONNULL = YES;
				CLANG_ANALYZER_NUMBER_OBJECT_CONVERSION = YES_AGGRESSIVE;
				CLANG_CXX_LANGUAGE_STANDARD = "gnu++0x";
				CLANG_CXX_LIBRARY = "libc++";
				CLANG_ENABLE_MODULES = YES;
				CLANG_ENABLE_OBJC_ARC = YES;
				CLANG_WARN_BOOL_CONVERSION = YES;
				CLANG_WARN_CONSTANT_CONVERSION = YES;
				CLANG_WARN_DIRECT_OBJC_ISA_USAGE = YES_ERROR;
				CLANG_WARN_DOCUMENTATION_COMMENTS = YES;
				CLANG_WARN_EMPTY_BODY = YES;
				CLANG_WARN_ENUM_CONVERSION = YES;
				CLANG_WARN_INFINITE_RECURSION = YES;
				CLANG_WARN_INT_CONVERSION = YES;
				CLANG_WARN_OBJC_ROOT_CLASS = YES_ERROR;
				CLANG_WARN_SUSPICIOUS_MOVE = YES;
				CLANG_WARN_UNREACHABLE_CODE = YES;
				CLANG_WARN__DUPLICATE_METHOD_MATCH = YES;
				"CODE_SIGN_IDENTITY[sdk=iphoneos*]" = "iPhone Developer";
				COPY_PHASE_STRIP = NO;
				DEBUG_INFORMATION_FORMAT = "dwarf-with-dsym";
				ENABLE_NS_ASSERTIONS = NO;
				ENABLE_STRICT_OBJC_MSGSEND = YES;
				GCC_C_LANGUAGE_STANDARD = gnu99;
				GCC_NO_COMMON_BLOCKS = YES;
				GCC_WARN_64_TO_32_BIT_CONVERSION = YES;
				GCC_WARN_ABOUT_RETURN_TYPE = YES_ERROR;
				GCC_WARN_UNDECLARED_SELECTOR = YES;
				GCC_WARN_UNINITIALIZED_AUTOS = YES_AGGRESSIVE;
				GCC_WARN_UNUSED_FUNCTION = YES;
				GCC_WARN_UNUSED_VARIABLE = YES;
				IPHONEOS_DEPLOYMENT_TARGET = 10.3;
				MTL_ENABLE_DEBUG_INFO = NO;
				SDKROOT = iphoneos;
				SWIFT_OPTIMIZATION_LEVEL = "-Owholemodule";
				TARGETED_DEVICE_FAMILY = "1,2";
				VALIDATE_PRODUCT = YES;
			};
			name = Release;
		};
		874420ED1EA5886F00F9A572 /* Debug */ = {
			isa = XCBuildConfiguration;
			buildSettings = {
				ASSETCATALOG_COMPILER_APPICON_NAME = "iMessage App Icon";
				DEVELOPMENT_TEAM = C72A48R82V;
				INFOPLIST_FILE = MessagesExtension/Info.plist;
				LD_RUNPATH_SEARCH_PATHS = "$(inherited) @executable_path/Frameworks @executable_path/../../Frameworks";
				PRODUCT_BUNDLE_IDENTIFIER = "com.fiveever.Tower-Defriendz.MessagesExtension";
				PRODUCT_NAME = "$(TARGET_NAME)";
				SKIP_INSTALL = YES;
				SWIFT_VERSION = 3.0;
			};
			name = Debug;
		};
		874420EE1EA5886F00F9A572 /* Release */ = {
			isa = XCBuildConfiguration;
			buildSettings = {
				ASSETCATALOG_COMPILER_APPICON_NAME = "iMessage App Icon";
				DEVELOPMENT_TEAM = C72A48R82V;
				INFOPLIST_FILE = MessagesExtension/Info.plist;
				LD_RUNPATH_SEARCH_PATHS = "$(inherited) @executable_path/Frameworks @executable_path/../../Frameworks";
				PRODUCT_BUNDLE_IDENTIFIER = "com.fiveever.Tower-Defriendz.MessagesExtension";
				PRODUCT_NAME = "$(TARGET_NAME)";
				SKIP_INSTALL = YES;
				SWIFT_VERSION = 3.0;
			};
			name = Release;
		};
		874420F11EA5886F00F9A572 /* Debug */ = {
			isa = XCBuildConfiguration;
			buildSettings = {
				ALWAYS_EMBED_SWIFT_STANDARD_LIBRARIES = YES;
				ASSETCATALOG_COMPILER_APPICON_NAME = AppIcon;
				DEVELOPMENT_TEAM = C72A48R82V;
				INFOPLIST_FILE = "Tower Defriendz/Info.plist";
				PRODUCT_BUNDLE_IDENTIFIER = "com.fiveever.Tower-Defriendz";
				PRODUCT_NAME = "$(TARGET_NAME)";
				SWIFT_VERSION = 3.0;
			};
			name = Debug;
		};
		874420F21EA5886F00F9A572 /* Release */ = {
			isa = XCBuildConfiguration;
			buildSettings = {
				ALWAYS_EMBED_SWIFT_STANDARD_LIBRARIES = YES;
				ASSETCATALOG_COMPILER_APPICON_NAME = AppIcon;
				DEVELOPMENT_TEAM = C72A48R82V;
				INFOPLIST_FILE = "Tower Defriendz/Info.plist";
				PRODUCT_BUNDLE_IDENTIFIER = "com.fiveever.Tower-Defriendz";
				PRODUCT_NAME = "$(TARGET_NAME)";
				SWIFT_VERSION = 3.0;
			};
			name = Release;
		};
/* End XCBuildConfiguration section */

/* Begin XCConfigurationList section */
		874420CD1EA5886F00F9A572 /* Build configuration list for PBXProject "Tower Defriendz" */ = {
			isa = XCConfigurationList;
			buildConfigurations = (
				874420EA1EA5886F00F9A572 /* Debug */,
				874420EB1EA5886F00F9A572 /* Release */,
			);
			defaultConfigurationIsVisible = 0;
			defaultConfigurationName = Release;
		};
		874420EC1EA5886F00F9A572 /* Build configuration list for PBXNativeTarget "MessagesExtension" */ = {
			isa = XCConfigurationList;
			buildConfigurations = (
				874420ED1EA5886F00F9A572 /* Debug */,
				874420EE1EA5886F00F9A572 /* Release */,
			);
			defaultConfigurationIsVisible = 0;
			defaultConfigurationName = Release;
		};
		874420F01EA5886F00F9A572 /* Build configuration list for PBXNativeTarget "Tower Defriendz" */ = {
			isa = XCConfigurationList;
			buildConfigurations = (
				874420F11EA5886F00F9A572 /* Debug */,
				874420F21EA5886F00F9A572 /* Release */,
			);
			defaultConfigurationIsVisible = 0;
			defaultConfigurationName = Release;
		};
/* End XCConfigurationList section */
	};
	rootObject = 874420CA1EA5886F00F9A572 /* Project object */;
}
