// !$*UTF8*$!
{
	archiveVersion = 1;
	classes = {
	};
	objectVersion = 46;
	objects = {

/* Begin PBXBuildFile section */
		6D74567B1E86FE6A00C313F8 /* AppDelegate.swift in Sources */ = {isa = PBXBuildFile; fileRef = 6D74567A1E86FE6A00C313F8 /* AppDelegate.swift */; };
		6D74567D1E86FE6A00C313F8 /* ViewController.swift in Sources */ = {isa = PBXBuildFile; fileRef = 6D74567C1E86FE6A00C313F8 /* ViewController.swift */; };
		6D7456801E86FE6A00C313F8 /* Main.storyboard in Resources */ = {isa = PBXBuildFile; fileRef = 6D74567E1E86FE6A00C313F8 /* Main.storyboard */; };
		6D7456821E86FE6A00C313F8 /* Assets.xcassets in Resources */ = {isa = PBXBuildFile; fileRef = 6D7456811E86FE6A00C313F8 /* Assets.xcassets */; };
		6D7456851E86FE6A00C313F8 /* LaunchScreen.storyboard in Resources */ = {isa = PBXBuildFile; fileRef = 6D7456831E86FE6A00C313F8 /* LaunchScreen.storyboard */; };
		6D7456901E86FE6A00C313F8 /* asdfsTests.swift in Sources */ = {isa = PBXBuildFile; fileRef = 6D74568F1E86FE6A00C313F8 /* asdfsTests.swift */; };
		6D74569B1E86FE6A00C313F8 /* asdfsUITests.swift in Sources */ = {isa = PBXBuildFile; fileRef = 6D74569A1E86FE6A00C313F8 /* asdfsUITests.swift */; };
/* End PBXBuildFile section */

/* Begin PBXContainerItemProxy section */
		6D74568C1E86FE6A00C313F8 /* PBXContainerItemProxy */ = {
			isa = PBXContainerItemProxy;
			containerPortal = 6D74566F1E86FE6900C313F8 /* Project object */;
			proxyType = 1;
			remoteGlobalIDString = 6D7456761E86FE6900C313F8;
			remoteInfo = asdfs;
		};
		6D7456971E86FE6A00C313F8 /* PBXContainerItemProxy */ = {
			isa = PBXContainerItemProxy;
			containerPortal = 6D74566F1E86FE6900C313F8 /* Project object */;
			proxyType = 1;
			remoteGlobalIDString = 6D7456761E86FE6900C313F8;
			remoteInfo = asdfs;
		};
/* End PBXContainerItemProxy section */

/* Begin PBXFileReference section */
		6D7456771E86FE6A00C313F8 /* asdfs.app */ = {isa = PBXFileReference; explicitFileType = wrapper.application; includeInIndex = 0; path = asdfs.app; sourceTree = BUILT_PRODUCTS_DIR; };
		6D74567A1E86FE6A00C313F8 /* AppDelegate.swift */ = {isa = PBXFileReference; lastKnownFileType = sourcecode.swift; path = AppDelegate.swift; sourceTree = "<group>"; };
		6D74567C1E86FE6A00C313F8 /* ViewController.swift */ = {isa = PBXFileReference; lastKnownFileType = sourcecode.swift; path = ViewController.swift; sourceTree = "<group>"; };
		6D74567F1E86FE6A00C313F8 /* Base */ = {isa = PBXFileReference; lastKnownFileType = file.storyboard; name = Base; path = Base.lproj/Main.storyboard; sourceTree = "<group>"; };
		6D7456811E86FE6A00C313F8 /* Assets.xcassets */ = {isa = PBXFileReference; lastKnownFileType = folder.assetcatalog; path = Assets.xcassets; sourceTree = "<group>"; };
		6D7456841E86FE6A00C313F8 /* Base */ = {isa = PBXFileReference; lastKnownFileType = file.storyboard; name = Base; path = Base.lproj/LaunchScreen.storyboard; sourceTree = "<group>"; };
		6D7456861E86FE6A00C313F8 /* Info.plist */ = {isa = PBXFileReference; lastKnownFileType = text.plist.xml; path = Info.plist; sourceTree = "<group>"; };
		6D74568B1E86FE6A00C313F8 /* asdfsTests.xctest */ = {isa = PBXFileReference; explicitFileType = wrapper.cfbundle; includeInIndex = 0; path = asdfsTests.xctest; sourceTree = BUILT_PRODUCTS_DIR; };
		6D74568F1E86FE6A00C313F8 /* asdfsTests.swift */ = {isa = PBXFileReference; lastKnownFileType = sourcecode.swift; path = asdfsTests.swift; sourceTree = "<group>"; };
		6D7456911E86FE6A00C313F8 /* Info.plist */ = {isa = PBXFileReference; lastKnownFileType = text.plist.xml; path = Info.plist; sourceTree = "<group>"; };
		6D7456961E86FE6A00C313F8 /* asdfsUITests.xctest */ = {isa = PBXFileReference; explicitFileType = wrapper.cfbundle; includeInIndex = 0; path = asdfsUITests.xctest; sourceTree = BUILT_PRODUCTS_DIR; };
		6D74569A1E86FE6A00C313F8 /* asdfsUITests.swift */ = {isa = PBXFileReference; lastKnownFileType = sourcecode.swift; path = asdfsUITests.swift; sourceTree = "<group>"; };
		6D74569C1E86FE6A00C313F8 /* Info.plist */ = {isa = PBXFileReference; lastKnownFileType = text.plist.xml; path = Info.plist; sourceTree = "<group>"; };
/* End PBXFileReference section */

/* Begin PBXFrameworksBuildPhase section */
		6D7456741E86FE6900C313F8 /* Frameworks */ = {
			isa = PBXFrameworksBuildPhase;
			buildActionMask = 2147483647;
			files = (
			);
			runOnlyForDeploymentPostprocessing = 0;
		};
		6D7456881E86FE6A00C313F8 /* Frameworks */ = {
			isa = PBXFrameworksBuildPhase;
			buildActionMask = 2147483647;
			files = (
			);
			runOnlyForDeploymentPostprocessing = 0;
		};
		6D7456931E86FE6A00C313F8 /* Frameworks */ = {
			isa = PBXFrameworksBuildPhase;
			buildActionMask = 2147483647;
			files = (
			);
			runOnlyForDeploymentPostprocessing = 0;
		};
/* End PBXFrameworksBuildPhase section */

/* Begin PBXGroup section */
		6D74566E1E86FE6900C313F8 = {
			isa = PBXGroup;
			children = (
				6D7456791E86FE6A00C313F8 /* asdfs */,
				6D74568E1E86FE6A00C313F8 /* asdfsTests */,
				6D7456991E86FE6A00C313F8 /* asdfsUITests */,
				6D7456781E86FE6A00C313F8 /* Products */,
			);
			sourceTree = "<group>";
		};
		6D7456781E86FE6A00C313F8 /* Products */ = {
			isa = PBXGroup;
			children = (
				6D7456771E86FE6A00C313F8 /* asdfs.app */,
				6D74568B1E86FE6A00C313F8 /* asdfsTests.xctest */,
				6D7456961E86FE6A00C313F8 /* asdfsUITests.xctest */,
			);
			name = Products;
			sourceTree = "<group>";
		};
		6D7456791E86FE6A00C313F8 /* asdfs */ = {
			isa = PBXGroup;
			children = (
				6D74567A1E86FE6A00C313F8 /* AppDelegate.swift */,
				6D74567C1E86FE6A00C313F8 /* ViewController.swift */,
				6D74567E1E86FE6A00C313F8 /* Main.storyboard */,
				6D7456811E86FE6A00C313F8 /* Assets.xcassets */,
				6D7456831E86FE6A00C313F8 /* LaunchScreen.storyboard */,
				6D7456861E86FE6A00C313F8 /* Info.plist */,
			);
			path = asdfs;
			sourceTree = "<group>";
		};
		6D74568E1E86FE6A00C313F8 /* asdfsTests */ = {
			isa = PBXGroup;
			children = (
				6D74568F1E86FE6A00C313F8 /* asdfsTests.swift */,
				6D7456911E86FE6A00C313F8 /* Info.plist */,
			);
			path = asdfsTests;
			sourceTree = "<group>";
		};
		6D7456991E86FE6A00C313F8 /* asdfsUITests */ = {
			isa = PBXGroup;
			children = (
				6D74569A1E86FE6A00C313F8 /* asdfsUITests.swift */,
				6D74569C1E86FE6A00C313F8 /* Info.plist */,
			);
			path = asdfsUITests;
			sourceTree = "<group>";
		};
/* End PBXGroup section */

/* Begin PBXNativeTarget section */
		6D7456761E86FE6900C313F8 /* asdfs */ = {
			isa = PBXNativeTarget;
			buildConfigurationList = 6D74569F1E86FE6A00C313F8 /* Build configuration list for PBXNativeTarget "asdfs" */;
			buildPhases = (
				6D7456731E86FE6900C313F8 /* Sources */,
				6D7456741E86FE6900C313F8 /* Frameworks */,
				6D7456751E86FE6900C313F8 /* Resources */,
			);
			buildRules = (
			);
			dependencies = (
			);
			name = asdfs;
			productName = asdfs;
			productReference = 6D7456771E86FE6A00C313F8 /* asdfs.app */;
			productType = "com.apple.product-type.application";
		};
		6D74568A1E86FE6A00C313F8 /* asdfsTests */ = {
			isa = PBXNativeTarget;
			buildConfigurationList = 6D7456A21E86FE6A00C313F8 /* Build configuration list for PBXNativeTarget "asdfsTests" */;
			buildPhases = (
				6D7456871E86FE6A00C313F8 /* Sources */,
				6D7456881E86FE6A00C313F8 /* Frameworks */,
				6D7456891E86FE6A00C313F8 /* Resources */,
			);
			buildRules = (
			);
			dependencies = (
				6D74568D1E86FE6A00C313F8 /* PBXTargetDependency */,
			);
			name = asdfsTests;
			productName = asdfsTests;
			productReference = 6D74568B1E86FE6A00C313F8 /* asdfsTests.xctest */;
			productType = "com.apple.product-type.bundle.unit-test";
		};
		6D7456951E86FE6A00C313F8 /* asdfsUITests */ = {
			isa = PBXNativeTarget;
			buildConfigurationList = 6D7456A51E86FE6A00C313F8 /* Build configuration list for PBXNativeTarget "asdfsUITests" */;
			buildPhases = (
				6D7456921E86FE6A00C313F8 /* Sources */,
				6D7456931E86FE6A00C313F8 /* Frameworks */,
				6D7456941E86FE6A00C313F8 /* Resources */,
			);
			buildRules = (
			);
			dependencies = (
				6D7456981E86FE6A00C313F8 /* PBXTargetDependency */,
			);
			name = asdfsUITests;
			productName = asdfsUITests;
			productReference = 6D7456961E86FE6A00C313F8 /* asdfsUITests.xctest */;
			productType = "com.apple.product-type.bundle.ui-testing";
		};
/* End PBXNativeTarget section */

/* Begin PBXProject section */
		6D74566F1E86FE6900C313F8 /* Project object */ = {
			isa = PBXProject;
			attributes = {
				LastSwiftUpdateCheck = 0820;
				LastUpgradeCheck = 0820;
				ORGANIZATIONNAME = HsHack;
				TargetAttributes = {
					6D7456761E86FE6900C313F8 = {
						CreatedOnToolsVersion = 8.2.1;
						ProvisioningStyle = Automatic;
					};
					6D74568A1E86FE6A00C313F8 = {
						CreatedOnToolsVersion = 8.2.1;
						ProvisioningStyle = Automatic;
						TestTargetID = 6D7456761E86FE6900C313F8;
					};
					6D7456951E86FE6A00C313F8 = {
						CreatedOnToolsVersion = 8.2.1;
						ProvisioningStyle = Automatic;
						TestTargetID = 6D7456761E86FE6900C313F8;
					};
				};
			};
			buildConfigurationList = 6D7456721E86FE6900C313F8 /* Build configuration list for PBXProject "asdfs" */;
			compatibilityVersion = "Xcode 3.2";
			developmentRegion = English;
			hasScannedForEncodings = 0;
			knownRegions = (
				en,
				Base,
			);
			mainGroup = 6D74566E1E86FE6900C313F8;
			productRefGroup = 6D7456781E86FE6A00C313F8 /* Products */;
			projectDirPath = "";
			projectRoot = "";
			targets = (
				6D7456761E86FE6900C313F8 /* asdfs */,
				6D74568A1E86FE6A00C313F8 /* asdfsTests */,
				6D7456951E86FE6A00C313F8 /* asdfsUITests */,
			);
		};
/* End PBXProject section */

/* Begin PBXResourcesBuildPhase section */
		6D7456751E86FE6900C313F8 /* Resources */ = {
			isa = PBXResourcesBuildPhase;
			buildActionMask = 2147483647;
			files = (
				6D7456851E86FE6A00C313F8 /* LaunchScreen.storyboard in Resources */,
				6D7456821E86FE6A00C313F8 /* Assets.xcassets in Resources */,
				6D7456801E86FE6A00C313F8 /* Main.storyboard in Resources */,
			);
			runOnlyForDeploymentPostprocessing = 0;
		};
		6D7456891E86FE6A00C313F8 /* Resources */ = {
			isa = PBXResourcesBuildPhase;
			buildActionMask = 2147483647;
			files = (
			);
			runOnlyForDeploymentPostprocessing = 0;
		};
		6D7456941E86FE6A00C313F8 /* Resources */ = {
			isa = PBXResourcesBuildPhase;
			buildActionMask = 2147483647;
			files = (
			);
			runOnlyForDeploymentPostprocessing = 0;
		};
/* End PBXResourcesBuildPhase section */

/* Begin PBXSourcesBuildPhase section */
		6D7456731E86FE6900C313F8 /* Sources */ = {
			isa = PBXSourcesBuildPhase;
			buildActionMask = 2147483647;
			files = (
				6D74567D1E86FE6A00C313F8 /* ViewController.swift in Sources */,
				6D74567B1E86FE6A00C313F8 /* AppDelegate.swift in Sources */,
			);
			runOnlyForDeploymentPostprocessing = 0;
		};
		6D7456871E86FE6A00C313F8 /* Sources */ = {
			isa = PBXSourcesBuildPhase;
			buildActionMask = 2147483647;
			files = (
				6D7456901E86FE6A00C313F8 /* asdfsTests.swift in Sources */,
			);
			runOnlyForDeploymentPostprocessing = 0;
		};
		6D7456921E86FE6A00C313F8 /* Sources */ = {
			isa = PBXSourcesBuildPhase;
			buildActionMask = 2147483647;
			files = (
				6D74569B1E86FE6A00C313F8 /* asdfsUITests.swift in Sources */,
			);
			runOnlyForDeploymentPostprocessing = 0;
		};
/* End PBXSourcesBuildPhase section */

/* Begin PBXTargetDependency section */
		6D74568D1E86FE6A00C313F8 /* PBXTargetDependency */ = {
			isa = PBXTargetDependency;
			target = 6D7456761E86FE6900C313F8 /* asdfs */;
			targetProxy = 6D74568C1E86FE6A00C313F8 /* PBXContainerItemProxy */;
		};
		6D7456981E86FE6A00C313F8 /* PBXTargetDependency */ = {
			isa = PBXTargetDependency;
			target = 6D7456761E86FE6900C313F8 /* asdfs */;
			targetProxy = 6D7456971E86FE6A00C313F8 /* PBXContainerItemProxy */;
		};
/* End PBXTargetDependency section */

/* Begin PBXVariantGroup section */
		6D74567E1E86FE6A00C313F8 /* Main.storyboard */ = {
			isa = PBXVariantGroup;
			children = (
				6D74567F1E86FE6A00C313F8 /* Base */,
			);
			name = Main.storyboard;
			sourceTree = "<group>";
		};
		6D7456831E86FE6A00C313F8 /* LaunchScreen.storyboard */ = {
			isa = PBXVariantGroup;
			children = (
				6D7456841E86FE6A00C313F8 /* Base */,
			);
			name = LaunchScreen.storyboard;
			sourceTree = "<group>";
		};
/* End PBXVariantGroup section */

/* Begin XCBuildConfiguration section */
		6D74569D1E86FE6A00C313F8 /* Debug */ = {
			isa = XCBuildConfiguration;
			buildSettings = {
				ALWAYS_SEARCH_USER_PATHS = NO;
				CLANG_ANALYZER_NONNULL = YES;
				CLANG_CXX_LANGUAGE_STANDARD = "gnu++0x";
				CLANG_CXX_LIBRARY = "libc++";
				CLANG_ENABLE_MODULES = YES;
				CLANG_ENABLE_OBJC_ARC = YES;
				CLANG_WARN_BOOL_CONVERSION = YES;
				CLANG_WARN_CONSTANT_CONVERSION = YES;
				CLANG_WARN_DIRECT_OBJC_ISA_USAGE = YES_ERROR;
				CLANG_WARN_DOCUMENTATION_COMMENTS = YES;
				CLANG_WARN_EMPTY_BODY = YES;
				CLANG_WARN_ENUM_CONVERSION = YES;
				CLANG_WARN_INFINITE_RECURSION = YES;
				CLANG_WARN_INT_CONVERSION = YES;
				CLANG_WARN_OBJC_ROOT_CLASS = YES_ERROR;
				CLANG_WARN_SUSPICIOUS_MOVE = YES;
				CLANG_WARN_UNREACHABLE_CODE = YES;
				CLANG_WARN__DUPLICATE_METHOD_MATCH = YES;
				"CODE_SIGN_IDENTITY[sdk=iphoneos*]" = "iPhone Developer";
				COPY_PHASE_STRIP = NO;
				DEBUG_INFORMATION_FORMAT = dwarf;
				ENABLE_STRICT_OBJC_MSGSEND = YES;
				ENABLE_TESTABILITY = YES;
				GCC_C_LANGUAGE_STANDARD = gnu99;
				GCC_DYNAMIC_NO_PIC = NO;
				GCC_NO_COMMON_BLOCKS = YES;
				GCC_OPTIMIZATION_LEVEL = 0;
				GCC_PREPROCESSOR_DEFINITIONS = (
					"DEBUG=1",
					"$(inherited)",
				);
				GCC_WARN_64_TO_32_BIT_CONVERSION = YES;
				GCC_WARN_ABOUT_RETURN_TYPE = YES_ERROR;
				GCC_WARN_UNDECLARED_SELECTOR = YES;
				GCC_WARN_UNINITIALIZED_AUTOS = YES_AGGRESSIVE;
				GCC_WARN_UNUSED_FUNCTION = YES;
				GCC_WARN_UNUSED_VARIABLE = YES;
				IPHONEOS_DEPLOYMENT_TARGET = 10.2;
				MTL_ENABLE_DEBUG_INFO = YES;
				ONLY_ACTIVE_ARCH = YES;
				SDKROOT = iphoneos;
				SWIFT_ACTIVE_COMPILATION_CONDITIONS = DEBUG;
				SWIFT_OPTIMIZATION_LEVEL = "-Onone";
				TARGETED_DEVICE_FAMILY = "1,2";
			};
			name = Debug;
		};
		6D74569E1E86FE6A00C313F8 /* Release */ = {
			isa = XCBuildConfiguration;
			buildSettings = {
				ALWAYS_SEARCH_USER_PATHS = NO;
				CLANG_ANALYZER_NONNULL = YES;
				CLANG_CXX_LANGUAGE_STANDARD = "gnu++0x";
				CLANG_CXX_LIBRARY = "libc++";
				CLANG_ENABLE_MODULES = YES;
				CLANG_ENABLE_OBJC_ARC = YES;
				CLANG_WARN_BOOL_CONVERSION = YES;
				CLANG_WARN_CONSTANT_CONVERSION = YES;
				CLANG_WARN_DIRECT_OBJC_ISA_USAGE = YES_ERROR;
				CLANG_WARN_DOCUMENTATION_COMMENTS = YES;
				CLANG_WARN_EMPTY_BODY = YES;
				CLANG_WARN_ENUM_CONVERSION = YES;
				CLANG_WARN_INFINITE_RECURSION = YES;
				CLANG_WARN_INT_CONVERSION = YES;
				CLANG_WARN_OBJC_ROOT_CLASS = YES_ERROR;
				CLANG_WARN_SUSPICIOUS_MOVE = YES;
				CLANG_WARN_UNREACHABLE_CODE = YES;
				CLANG_WARN__DUPLICATE_METHOD_MATCH = YES;
				"CODE_SIGN_IDENTITY[sdk=iphoneos*]" = "iPhone Developer";
				COPY_PHASE_STRIP = NO;
				DEBUG_INFORMATION_FORMAT = "dwarf-with-dsym";
				ENABLE_NS_ASSERTIONS = NO;
				ENABLE_STRICT_OBJC_MSGSEND = YES;
				GCC_C_LANGUAGE_STANDARD = gnu99;
				GCC_NO_COMMON_BLOCKS = YES;
				GCC_WARN_64_TO_32_BIT_CONVERSION = YES;
				GCC_WARN_ABOUT_RETURN_TYPE = YES_ERROR;
				GCC_WARN_UNDECLARED_SELECTOR = YES;
				GCC_WARN_UNINITIALIZED_AUTOS = YES_AGGRESSIVE;
				GCC_WARN_UNUSED_FUNCTION = YES;
				GCC_WARN_UNUSED_VARIABLE = YES;
				IPHONEOS_DEPLOYMENT_TARGET = 10.2;
				MTL_ENABLE_DEBUG_INFO = NO;
				SDKROOT = iphoneos;
				SWIFT_OPTIMIZATION_LEVEL = "-Owholemodule";
				TARGETED_DEVICE_FAMILY = "1,2";
				VALIDATE_PRODUCT = YES;
			};
			name = Release;
		};
		6D7456A01E86FE6A00C313F8 /* Debug */ = {
			isa = XCBuildConfiguration;
			buildSettings = {
				ASSETCATALOG_COMPILER_APPICON_NAME = AppIcon;
				INFOPLIST_FILE = asdfs/Info.plist;
				LD_RUNPATH_SEARCH_PATHS = "$(inherited) @executable_path/Frameworks";
				PRODUCT_BUNDLE_IDENTIFIER = asdfa.asdfs;
				PRODUCT_NAME = "$(TARGET_NAME)";
				SWIFT_VERSION = 3.0;
			};
			name = Debug;
		};
		6D7456A11E86FE6A00C313F8 /* Release */ = {
			isa = XCBuildConfiguration;
			buildSettings = {
				ASSETCATALOG_COMPILER_APPICON_NAME = AppIcon;
				INFOPLIST_FILE = asdfs/Info.plist;
				LD_RUNPATH_SEARCH_PATHS = "$(inherited) @executable_path/Frameworks";
				PRODUCT_BUNDLE_IDENTIFIER = asdfa.asdfs;
				PRODUCT_NAME = "$(TARGET_NAME)";
				SWIFT_VERSION = 3.0;
			};
			name = Release;
		};
		6D7456A31E86FE6A00C313F8 /* Debug */ = {
			isa = XCBuildConfiguration;
			buildSettings = {
				ALWAYS_EMBED_SWIFT_STANDARD_LIBRARIES = YES;
				BUNDLE_LOADER = "$(TEST_HOST)";
				INFOPLIST_FILE = asdfsTests/Info.plist;
				LD_RUNPATH_SEARCH_PATHS = "$(inherited) @executable_path/Frameworks @loader_path/Frameworks";
				PRODUCT_BUNDLE_IDENTIFIER = asdfa.asdfsTests;
				PRODUCT_NAME = "$(TARGET_NAME)";
				SWIFT_VERSION = 3.0;
				TEST_HOST = "$(BUILT_PRODUCTS_DIR)/asdfs.app/asdfs";
			};
			name = Debug;
		};
		6D7456A41E86FE6A00C313F8 /* Release */ = {
			isa = XCBuildConfiguration;
			buildSettings = {
				ALWAYS_EMBED_SWIFT_STANDARD_LIBRARIES = YES;
				BUNDLE_LOADER = "$(TEST_HOST)";
				INFOPLIST_FILE = asdfsTests/Info.plist;
				LD_RUNPATH_SEARCH_PATHS = "$(inherited) @executable_path/Frameworks @loader_path/Frameworks";
				PRODUCT_BUNDLE_IDENTIFIER = asdfa.asdfsTests;
				PRODUCT_NAME = "$(TARGET_NAME)";
				SWIFT_VERSION = 3.0;
				TEST_HOST = "$(BUILT_PRODUCTS_DIR)/asdfs.app/asdfs";
			};
			name = Release;
		};
		6D7456A61E86FE6A00C313F8 /* Debug */ = {
			isa = XCBuildConfiguration;
			buildSettings = {
				ALWAYS_EMBED_SWIFT_STANDARD_LIBRARIES = YES;
				INFOPLIST_FILE = asdfsUITests/Info.plist;
				LD_RUNPATH_SEARCH_PATHS = "$(inherited) @executable_path/Frameworks @loader_path/Frameworks";
				PRODUCT_BUNDLE_IDENTIFIER = asdfa.asdfsUITests;
				PRODUCT_NAME = "$(TARGET_NAME)";
				SWIFT_VERSION = 3.0;
				TEST_TARGET_NAME = asdfs;
			};
			name = Debug;
		};
		6D7456A71E86FE6A00C313F8 /* Release */ = {
			isa = XCBuildConfiguration;
			buildSettings = {
				ALWAYS_EMBED_SWIFT_STANDARD_LIBRARIES = YES;
				INFOPLIST_FILE = asdfsUITests/Info.plist;
				LD_RUNPATH_SEARCH_PATHS = "$(inherited) @executable_path/Frameworks @loader_path/Frameworks";
				PRODUCT_BUNDLE_IDENTIFIER = asdfa.asdfsUITests;
				PRODUCT_NAME = "$(TARGET_NAME)";
				SWIFT_VERSION = 3.0;
				TEST_TARGET_NAME = asdfs;
			};
			name = Release;
		};
/* End XCBuildConfiguration section */

/* Begin XCConfigurationList section */
		6D7456721E86FE6900C313F8 /* Build configuration list for PBXProject "asdfs" */ = {
			isa = XCConfigurationList;
			buildConfigurations = (
				6D74569D1E86FE6A00C313F8 /* Debug */,
				6D74569E1E86FE6A00C313F8 /* Release */,
			);
			defaultConfigurationIsVisible = 0;
			defaultConfigurationName = Release;
		};
		6D74569F1E86FE6A00C313F8 /* Build configuration list for PBXNativeTarget "asdfs" */ = {
			isa = XCConfigurationList;
			buildConfigurations = (
				6D7456A01E86FE6A00C313F8 /* Debug */,
				6D7456A11E86FE6A00C313F8 /* Release */,
			);
			defaultConfigurationIsVisible = 0;
		};
		6D7456A21E86FE6A00C313F8 /* Build configuration list for PBXNativeTarget "asdfsTests" */ = {
			isa = XCConfigurationList;
			buildConfigurations = (
				6D7456A31E86FE6A00C313F8 /* Debug */,
				6D7456A41E86FE6A00C313F8 /* Release */,
			);
			defaultConfigurationIsVisible = 0;
		};
		6D7456A51E86FE6A00C313F8 /* Build configuration list for PBXNativeTarget "asdfsUITests" */ = {
			isa = XCConfigurationList;
			buildConfigurations = (
				6D7456A61E86FE6A00C313F8 /* Debug */,
				6D7456A71E86FE6A00C313F8 /* Release */,
			);
			defaultConfigurationIsVisible = 0;
		};
/* End XCConfigurationList section */
	};
	rootObject = 6D74566F1E86FE6900C313F8 /* Project object */;
}
